// !$*UTF8*$!
{
	archiveVersion = 1;
	classes = {
	};
	objectVersion = 46;
	objects = {

/* Begin PBXBuildFile section */
		F3FB50781B164FFB009991F0 /* AppDelegate.swift in Sources */ = {isa = PBXBuildFile; fileRef = F3FB50771B164FFB009991F0 /* AppDelegate.swift */; };
		F3FB507A1B164FFB009991F0 /* ViewController.swift in Sources */ = {isa = PBXBuildFile; fileRef = F3FB50791B164FFB009991F0 /* ViewController.swift */; };
		F3FB507D1B164FFB009991F0 /* Main.storyboard in Resources */ = {isa = PBXBuildFile; fileRef = F3FB507B1B164FFB009991F0 /* Main.storyboard */; };
		F3FB507F1B164FFB009991F0 /* Images.xcassets in Resources */ = {isa = PBXBuildFile; fileRef = F3FB507E1B164FFB009991F0 /* Images.xcassets */; };
		F3FB50821B164FFB009991F0 /* LaunchScreen.xib in Resources */ = {isa = PBXBuildFile; fileRef = F3FB50801B164FFB009991F0 /* LaunchScreen.xib */; };
		F3FB508E1B164FFB009991F0 /* ImagesTests.swift in Sources */ = {isa = PBXBuildFile; fileRef = F3FB508D1B164FFB009991F0 /* ImagesTests.swift */; };
		F3FB50981B16562E009991F0 /* SongCollectionViewController.swift in Sources */ = {isa = PBXBuildFile; fileRef = F3FB50971B16562E009991F0 /* SongCollectionViewController.swift */; };
/* End PBXBuildFile section */

/* Begin PBXContainerItemProxy section */
		F3FB50881B164FFB009991F0 /* PBXContainerItemProxy */ = {
			isa = PBXContainerItemProxy;
			containerPortal = F3FB506A1B164FFB009991F0 /* Project object */;
			proxyType = 1;
			remoteGlobalIDString = F3FB50711B164FFB009991F0;
			remoteInfo = Images;
		};
/* End PBXContainerItemProxy section */

/* Begin PBXFileReference section */
		F3FB50721B164FFB009991F0 /* Images.app */ = {isa = PBXFileReference; explicitFileType = wrapper.application; includeInIndex = 0; path = Images.app; sourceTree = BUILT_PRODUCTS_DIR; };
		F3FB50761B164FFB009991F0 /* Info.plist */ = {isa = PBXFileReference; lastKnownFileType = text.plist.xml; path = Info.plist; sourceTree = "<group>"; };
		F3FB50771B164FFB009991F0 /* AppDelegate.swift */ = {isa = PBXFileReference; lastKnownFileType = sourcecode.swift; path = AppDelegate.swift; sourceTree = "<group>"; };
		F3FB50791B164FFB009991F0 /* ViewController.swift */ = {isa = PBXFileReference; lastKnownFileType = sourcecode.swift; path = ViewController.swift; sourceTree = "<group>"; };
		F3FB507C1B164FFB009991F0 /* Base */ = {isa = PBXFileReference; lastKnownFileType = file.storyboard; name = Base; path = Base.lproj/Main.storyboard; sourceTree = "<group>"; };
		F3FB507E1B164FFB009991F0 /* Images.xcassets */ = {isa = PBXFileReference; lastKnownFileType = folder.assetcatalog; path = Images.xcassets; sourceTree = "<group>"; };
		F3FB50811B164FFB009991F0 /* Base */ = {isa = PBXFileReference; lastKnownFileType = file.xib; name = Base; path = Base.lproj/LaunchScreen.xib; sourceTree = "<group>"; };
		F3FB50871B164FFB009991F0 /* ImagesTests.xctest */ = {isa = PBXFileReference; explicitFileType = wrapper.cfbundle; includeInIndex = 0; path = ImagesTests.xctest; sourceTree = BUILT_PRODUCTS_DIR; };
		F3FB508C1B164FFB009991F0 /* Info.plist */ = {isa = PBXFileReference; lastKnownFileType = text.plist.xml; path = Info.plist; sourceTree = "<group>"; };
		F3FB508D1B164FFB009991F0 /* ImagesTests.swift */ = {isa = PBXFileReference; lastKnownFileType = sourcecode.swift; path = ImagesTests.swift; sourceTree = "<group>"; };
		F3FB50971B16562E009991F0 /* SongCollectionViewController.swift */ = {isa = PBXFileReference; fileEncoding = 4; lastKnownFileType = sourcecode.swift; path = SongCollectionViewController.swift; sourceTree = "<group>"; };
/* End PBXFileReference section */

/* Begin PBXFrameworksBuildPhase section */
		F3FB506F1B164FFB009991F0 /* Frameworks */ = {
			isa = PBXFrameworksBuildPhase;
			buildActionMask = 2147483647;
			files = (
			);
			runOnlyForDeploymentPostprocessing = 0;
		};
		F3FB50841B164FFB009991F0 /* Frameworks */ = {
			isa = PBXFrameworksBuildPhase;
			buildActionMask = 2147483647;
			files = (
			);
			runOnlyForDeploymentPostprocessing = 0;
		};
/* End PBXFrameworksBuildPhase section */

/* Begin PBXGroup section */
		F3FB50691B164FFB009991F0 = {
			isa = PBXGroup;
			children = (
				F3FB50971B16562E009991F0 /* SongCollectionViewController.swift */,
				F3FB50741B164FFB009991F0 /* Images */,
				F3FB508A1B164FFB009991F0 /* ImagesTests */,
				F3FB50731B164FFB009991F0 /* Products */,
			);
			sourceTree = "<group>";
		};
		F3FB50731B164FFB009991F0 /* Products */ = {
			isa = PBXGroup;
			children = (
				F3FB50721B164FFB009991F0 /* Images.app */,
				F3FB50871B164FFB009991F0 /* ImagesTests.xctest */,
			);
			name = Products;
			sourceTree = "<group>";
		};
		F3FB50741B164FFB009991F0 /* Images */ = {
			isa = PBXGroup;
			children = (
				F3FB50771B164FFB009991F0 /* AppDelegate.swift */,
				F3FB50791B164FFB009991F0 /* ViewController.swift */,
				F3FB507B1B164FFB009991F0 /* Main.storyboard */,
				F3FB507E1B164FFB009991F0 /* Images.xcassets */,
				F3FB50801B164FFB009991F0 /* LaunchScreen.xib */,
				F3FB50751B164FFB009991F0 /* Supporting Files */,
			);
			path = Images;
			sourceTree = "<group>";
		};
		F3FB50751B164FFB009991F0 /* Supporting Files */ = {
			isa = PBXGroup;
			children = (
				F3FB50761B164FFB009991F0 /* Info.plist */,
			);
			name = "Supporting Files";
			sourceTree = "<group>";
		};
		F3FB508A1B164FFB009991F0 /* ImagesTests */ = {
			isa = PBXGroup;
			children = (
				F3FB508D1B164FFB009991F0 /* ImagesTests.swift */,
				F3FB508B1B164FFB009991F0 /* Supporting Files */,
			);
			path = ImagesTests;
			sourceTree = "<group>";
		};
		F3FB508B1B164FFB009991F0 /* Supporting Files */ = {
			isa = PBXGroup;
			children = (
				F3FB508C1B164FFB009991F0 /* Info.plist */,
			);
			name = "Supporting Files";
			sourceTree = "<group>";
		};
/* End PBXGroup section */

/* Begin PBXNativeTarget section */
		F3FB50711B164FFB009991F0 /* Images */ = {
			isa = PBXNativeTarget;
			buildConfigurationList = F3FB50911B164FFB009991F0 /* Build configuration list for PBXNativeTarget "Images" */;
			buildPhases = (
				F3FB506E1B164FFB009991F0 /* Sources */,
				F3FB506F1B164FFB009991F0 /* Frameworks */,
				F3FB50701B164FFB009991F0 /* Resources */,
			);
			buildRules = (
			);
			dependencies = (
			);
			name = Images;
			productName = Images;
			productReference = F3FB50721B164FFB009991F0 /* Images.app */;
			productType = "com.apple.product-type.application";
		};
		F3FB50861B164FFB009991F0 /* ImagesTests */ = {
			isa = PBXNativeTarget;
			buildConfigurationList = F3FB50941B164FFB009991F0 /* Build configuration list for PBXNativeTarget "ImagesTests" */;
			buildPhases = (
				F3FB50831B164FFB009991F0 /* Sources */,
				F3FB50841B164FFB009991F0 /* Frameworks */,
				F3FB50851B164FFB009991F0 /* Resources */,
			);
			buildRules = (
			);
			dependencies = (
				F3FB50891B164FFB009991F0 /* PBXTargetDependency */,
			);
			name = ImagesTests;
			productName = ImagesTests;
			productReference = F3FB50871B164FFB009991F0 /* ImagesTests.xctest */;
			productType = "com.apple.product-type.bundle.unit-test";
		};
/* End PBXNativeTarget section */

/* Begin PBXProject section */
		F3FB506A1B164FFB009991F0 /* Project object */ = {
			isa = PBXProject;
			attributes = {
				LastUpgradeCheck = 0630;
				ORGANIZATIONNAME = "Aimee Bragg";
				TargetAttributes = {
					F3FB50711B164FFB009991F0 = {
						CreatedOnToolsVersion = 6.3.1;
					};
					F3FB50861B164FFB009991F0 = {
						CreatedOnToolsVersion = 6.3.1;
						TestTargetID = F3FB50711B164FFB009991F0;
					};
				};
			};
			buildConfigurationList = F3FB506D1B164FFB009991F0 /* Build configuration list for PBXProject "Images" */;
			compatibilityVersion = "Xcode 3.2";
			developmentRegion = English;
			hasScannedForEncodings = 0;
			knownRegions = (
				en,
				Base,
			);
			mainGroup = F3FB50691B164FFB009991F0;
			productRefGroup = F3FB50731B164FFB009991F0 /* Products */;
			projectDirPath = "";
			projectRoot = "";
			targets = (
				F3FB50711B164FFB009991F0 /* Images */,
				F3FB50861B164FFB009991F0 /* ImagesTests */,
			);
		};
/* End PBXProject section */

/* Begin PBXResourcesBuildPhase section */
		F3FB50701B164FFB009991F0 /* Resources */ = {
			isa = PBXResourcesBuildPhase;
			buildActionMask = 2147483647;
			files = (
				F3FB507D1B164FFB009991F0 /* Main.storyboard in Resources */,
				F3FB50821B164FFB009991F0 /* LaunchScreen.xib in Resources */,
				F3FB507F1B164FFB009991F0 /* Images.xcassets in Resources */,
			);
			runOnlyForDeploymentPostprocessing = 0;
		};
		F3FB50851B164FFB009991F0 /* Resources */ = {
			isa = PBXResourcesBuildPhase;
			buildActionMask = 2147483647;
			files = (
			);
			runOnlyForDeploymentPostprocessing = 0;
		};
/* End PBXResourcesBuildPhase section */

/* Begin PBXSourcesBuildPhase section */
		F3FB506E1B164FFB009991F0 /* Sources */ = {
			isa = PBXSourcesBuildPhase;
			buildActionMask = 2147483647;
			files = (
				F3FB507A1B164FFB009991F0 /* ViewController.swift in Sources */,
				F3FB50981B16562E009991F0 /* SongCollectionViewController.swift in Sources */,
				F3FB50781B164FFB009991F0 /* AppDelegate.swift in Sources */,
			);
			runOnlyForDeploymentPostprocessing = 0;
		};
		F3FB50831B164FFB009991F0 /* Sources */ = {
			isa = PBXSourcesBuildPhase;
			buildActionMask = 2147483647;
			files = (
				F3FB508E1B164FFB009991F0 /* ImagesTests.swift in Sources */,
			);
			runOnlyForDeploymentPostprocessing = 0;
		};
/* End PBXSourcesBuildPhase section */

/* Begin PBXTargetDependency section */
		F3FB50891B164FFB009991F0 /* PBXTargetDependency */ = {
			isa = PBXTargetDependency;
			target = F3FB50711B164FFB009991F0 /* Images */;
			targetProxy = F3FB50881B164FFB009991F0 /* PBXContainerItemProxy */;
		};
/* End PBXTargetDependency section */

/* Begin PBXVariantGroup section */
		F3FB507B1B164FFB009991F0 /* Main.storyboard */ = {
			isa = PBXVariantGroup;
			children = (
				F3FB507C1B164FFB009991F0 /* Base */,
			);
			name = Main.storyboard;
			sourceTree = "<group>";
		};
		F3FB50801B164FFB009991F0 /* LaunchScreen.xib */ = {
			isa = PBXVariantGroup;
			children = (
				F3FB50811B164FFB009991F0 /* Base */,
			);
			name = LaunchScreen.xib;
			sourceTree = "<group>";
		};
/* End PBXVariantGroup section */

/* Begin XCBuildConfiguration section */
		F3FB508F1B164FFB009991F0 /* Debug */ = {
			isa = XCBuildConfiguration;
			buildSettings = {
				ALWAYS_SEARCH_USER_PATHS = NO;
				CLANG_CXX_LANGUAGE_STANDARD = "gnu++0x";
				CLANG_CXX_LIBRARY = "libc++";
				CLANG_ENABLE_MODULES = YES;
				CLANG_ENABLE_OBJC_ARC = YES;
				CLANG_WARN_BOOL_CONVERSION = YES;
				CLANG_WARN_CONSTANT_CONVERSION = YES;
				CLANG_WARN_DIRECT_OBJC_ISA_USAGE = YES_ERROR;
				CLANG_WARN_EMPTY_BODY = YES;
				CLANG_WARN_ENUM_CONVERSION = YES;
				CLANG_WARN_INT_CONVERSION = YES;
				CLANG_WARN_OBJC_ROOT_CLASS = YES_ERROR;
				CLANG_WARN_UNREACHABLE_CODE = YES;
				CLANG_WARN__DUPLICATE_METHOD_MATCH = YES;
				"CODE_SIGN_IDENTITY[sdk=iphoneos*]" = "iPhone Developer";
				COPY_PHASE_STRIP = NO;
				DEBUG_INFORMATION_FORMAT = "dwarf-with-dsym";
				ENABLE_STRICT_OBJC_MSGSEND = YES;
				GCC_C_LANGUAGE_STANDARD = gnu99;
				GCC_DYNAMIC_NO_PIC = NO;
				GCC_NO_COMMON_BLOCKS = YES;
				GCC_OPTIMIZATION_LEVEL = 0;
				GCC_PREPROCESSOR_DEFINITIONS = (
					"DEBUG=1",
					"$(inherited)",
				);
				GCC_SYMBOLS_PRIVATE_EXTERN = NO;
				GCC_WARN_64_TO_32_BIT_CONVERSION = YES;
				GCC_WARN_ABOUT_RETURN_TYPE = YES_ERROR;
				GCC_WARN_UNDECLARED_SELECTOR = YES;
				GCC_WARN_UNINITIALIZED_AUTOS = YES_AGGRESSIVE;
				GCC_WARN_UNUSED_FUNCTION = YES;
				GCC_WARN_UNUSED_VARIABLE = YES;
				IPHONEOS_DEPLOYMENT_TARGET = 8.3;
				MTL_ENABLE_DEBUG_INFO = YES;
				ONLY_ACTIVE_ARCH = YES;
				SDKROOT = iphoneos;
				SWIFT_OPTIMIZATION_LEVEL = "-Onone";
				TARGETED_DEVICE_FAMILY = "1,2";
			};
			name = Debug;
		};
		F3FB50901B164FFB009991F0 /* Release */ = {
			isa = XCBuildConfiguration;
			buildSettings = {
				ALWAYS_SEARCH_USER_PATHS = NO;
				CLANG_CXX_LANGUAGE_STANDARD = "gnu++0x";
				CLANG_CXX_LIBRARY = "libc++";
				CLANG_ENABLE_MODULES = YES;
				CLANG_ENABLE_OBJC_ARC = YES;
				CLANG_WARN_BOOL_CONVERSION = YES;
				CLANG_WARN_CONSTANT_CONVERSION = YES;
				CLANG_WARN_DIRECT_OBJC_ISA_USAGE = YES_ERROR;
				CLANG_WARN_EMPTY_BODY = YES;
				CLANG_WARN_ENUM_CONVERSION = YES;
				CLANG_WARN_INT_CONVERSION = YES;
				CLANG_WARN_OBJC_ROOT_CLASS = YES_ERROR;
				CLANG_WARN_UNREACHABLE_CODE = YES;
				CLANG_WARN__DUPLICATE_METHOD_MATCH = YES;
				"CODE_SIGN_IDENTITY[sdk=iphoneos*]" = "iPhone Developer";
				COPY_PHASE_STRIP = NO;
				DEBUG_INFORMATION_FORMAT = "dwarf-with-dsym";
				ENABLE_NS_ASSERTIONS = NO;
				ENABLE_STRICT_OBJC_MSGSEND = YES;
				GCC_C_LANGUAGE_STANDARD = gnu99;
				GCC_NO_COMMON_BLOCKS = YES;
				GCC_WARN_64_TO_32_BIT_CONVERSION = YES;
				GCC_WARN_ABOUT_RETURN_TYPE = YES_ERROR;
				GCC_WARN_UNDECLARED_SELECTOR = YES;
				GCC_WARN_UNINITIALIZED_AUTOS = YES_AGGRESSIVE;
				GCC_WARN_UNUSED_FUNCTION = YES;
				GCC_WARN_UNUSED_VARIABLE = YES;
				IPHONEOS_DEPLOYMENT_TARGET = 8.3;
				MTL_ENABLE_DEBUG_INFO = NO;
				SDKROOT = iphoneos;
				TARGETED_DEVICE_FAMILY = "1,2";
				VALIDATE_PRODUCT = YES;
			};
			name = Release;
		};
		F3FB50921B164FFB009991F0 /* Debug */ = {
			isa = XCBuildConfiguration;
			buildSettings = {
				ASSETCATALOG_COMPILER_APPICON_NAME = AppIcon;
				INFOPLIST_FILE = Images/Info.plist;
				LD_RUNPATH_SEARCH_PATHS = "$(inherited) @executable_path/Frameworks";
				PRODUCT_NAME = "$(TARGET_NAME)";
			};
			name = Debug;
		};
		F3FB50931B164FFB009991F0 /* Release */ = {
			isa = XCBuildConfiguration;
			buildSettings = {
				ASSETCATALOG_COMPILER_APPICON_NAME = AppIcon;
				INFOPLIST_FILE = Images/Info.plist;
				LD_RUNPATH_SEARCH_PATHS = "$(inherited) @executable_path/Frameworks";
				PRODUCT_NAME = "$(TARGET_NAME)";
			};
			name = Release;
		};
		F3FB50951B164FFB009991F0 /* Debug */ = {
			isa = XCBuildConfiguration;
			buildSettings = {
				BUNDLE_LOADER = "$(TEST_HOST)";
				FRAMEWORK_SEARCH_PATHS = (
					"$(SDKROOT)/Developer/Library/Frameworks",
					"$(inherited)",
				);
				GCC_PREPROCESSOR_DEFINITIONS = (
					"DEBUG=1",
					"$(inherited)",
				);
				INFOPLIST_FILE = ImagesTests/Info.plist;
				LD_RUNPATH_SEARCH_PATHS = "$(inherited) @executable_path/Frameworks @loader_path/Frameworks";
				PRODUCT_NAME = "$(TARGET_NAME)";
				TEST_HOST = "$(BUILT_PRODUCTS_DIR)/Images.app/Images";
			};
			name = Debug;
		};
		F3FB50961B164FFB009991F0 /* Release */ = {
			isa = XCBuildConfiguration;
			buildSettings = {
				BUNDLE_LOADER = "$(TEST_HOST)";
				FRAMEWORK_SEARCH_PATHS = (
					"$(SDKROOT)/Developer/Library/Frameworks",
					"$(inherited)",
				);
				INFOPLIST_FILE = ImagesTests/Info.plist;
				LD_RUNPATH_SEARCH_PATHS = "$(inherited) @executable_path/Frameworks @loader_path/Frameworks";
				PRODUCT_NAME = "$(TARGET_NAME)";
				TEST_HOST = "$(BUILT_PRODUCTS_DIR)/Images.app/Images";
			};
			name = Release;
		};
/* End XCBuildConfiguration section */

/* Begin XCConfigurationList section */
		F3FB506D1B164FFB009991F0 /* Build configuration list for PBXProject "Images" */ = {
			isa = XCConfigurationList;
			buildConfigurations = (
				F3FB508F1B164FFB009991F0 /* Debug */,
				F3FB50901B164FFB009991F0 /* Release */,
			);
			defaultConfigurationIsVisible = 0;
			defaultConfigurationName = Release;
		};
		F3FB50911B164FFB009991F0 /* Build configuration list for PBXNativeTarget "Images" */ = {
			isa = XCConfigurationList;
			buildConfigurations = (
				F3FB50921B164FFB009991F0 /* Debug */,
				F3FB50931B164FFB009991F0 /* Release */,
			);
			defaultConfigurationIsVisible = 0;
		};
		F3FB50941B164FFB009991F0 /* Build configuration list for PBXNativeTarget "ImagesTests" */ = {
			isa = XCConfigurationList;
			buildConfigurations = (
				F3FB50951B164FFB009991F0 /* Debug */,
				F3FB50961B164FFB009991F0 /* Release */,
			);
			defaultConfigurationIsVisible = 0;
		};
/* End XCConfigurationList section */
	};
	rootObject = F3FB506A1B164FFB009991F0 /* Project object */;
}
