// !$*UTF8*$!
{
	archiveVersion = 1;
	classes = {
	};
	objectVersion = 46;
	objects = {

/* Begin PBXBuildFile section */
		F344686A1B1B811300878BF1 /* AppDelegate.swift in Sources */ = {isa = PBXBuildFile; fileRef = F34468691B1B811300878BF1 /* AppDelegate.swift */; };
		F344686C1B1B811300878BF1 /* ViewController.swift in Sources */ = {isa = PBXBuildFile; fileRef = F344686B1B1B811300878BF1 /* ViewController.swift */; };
		F344686F1B1B811300878BF1 /* Main.storyboard in Resources */ = {isa = PBXBuildFile; fileRef = F344686D1B1B811300878BF1 /* Main.storyboard */; };
		F34468711B1B811300878BF1 /* Images.xcassets in Resources */ = {isa = PBXBuildFile; fileRef = F34468701B1B811300878BF1 /* Images.xcassets */; };
		F34468741B1B811300878BF1 /* LaunchScreen.xib in Resources */ = {isa = PBXBuildFile; fileRef = F34468721B1B811300878BF1 /* LaunchScreen.xib */; };
		F34468801B1B811300878BF1 /* CameraTests.swift in Sources */ = {isa = PBXBuildFile; fileRef = F344687F1B1B811300878BF1 /* CameraTests.swift */; };
/* End PBXBuildFile section */

/* Begin PBXContainerItemProxy section */
		F344687A1B1B811300878BF1 /* PBXContainerItemProxy */ = {
			isa = PBXContainerItemProxy;
			containerPortal = F344685C1B1B811300878BF1 /* Project object */;
			proxyType = 1;
			remoteGlobalIDString = F34468631B1B811300878BF1;
			remoteInfo = Camera;
		};
/* End PBXContainerItemProxy section */

/* Begin PBXFileReference section */
		F34468641B1B811300878BF1 /* Camera.app */ = {isa = PBXFileReference; explicitFileType = wrapper.application; includeInIndex = 0; path = Camera.app; sourceTree = BUILT_PRODUCTS_DIR; };
		F34468681B1B811300878BF1 /* Info.plist */ = {isa = PBXFileReference; lastKnownFileType = text.plist.xml; path = Info.plist; sourceTree = "<group>"; };
		F34468691B1B811300878BF1 /* AppDelegate.swift */ = {isa = PBXFileReference; lastKnownFileType = sourcecode.swift; path = AppDelegate.swift; sourceTree = "<group>"; };
		F344686B1B1B811300878BF1 /* ViewController.swift */ = {isa = PBXFileReference; lastKnownFileType = sourcecode.swift; path = ViewController.swift; sourceTree = "<group>"; };
		F344686E1B1B811300878BF1 /* Base */ = {isa = PBXFileReference; lastKnownFileType = file.storyboard; name = Base; path = Base.lproj/Main.storyboard; sourceTree = "<group>"; };
		F34468701B1B811300878BF1 /* Images.xcassets */ = {isa = PBXFileReference; lastKnownFileType = folder.assetcatalog; path = Images.xcassets; sourceTree = "<group>"; };
		F34468731B1B811300878BF1 /* Base */ = {isa = PBXFileReference; lastKnownFileType = file.xib; name = Base; path = Base.lproj/LaunchScreen.xib; sourceTree = "<group>"; };
		F34468791B1B811300878BF1 /* CameraTests.xctest */ = {isa = PBXFileReference; explicitFileType = wrapper.cfbundle; includeInIndex = 0; path = CameraTests.xctest; sourceTree = BUILT_PRODUCTS_DIR; };
		F344687E1B1B811300878BF1 /* Info.plist */ = {isa = PBXFileReference; lastKnownFileType = text.plist.xml; path = Info.plist; sourceTree = "<group>"; };
		F344687F1B1B811300878BF1 /* CameraTests.swift */ = {isa = PBXFileReference; lastKnownFileType = sourcecode.swift; path = CameraTests.swift; sourceTree = "<group>"; };
/* End PBXFileReference section */

/* Begin PBXFrameworksBuildPhase section */
		F34468611B1B811300878BF1 /* Frameworks */ = {
			isa = PBXFrameworksBuildPhase;
			buildActionMask = 2147483647;
			files = (
			);
			runOnlyForDeploymentPostprocessing = 0;
		};
		F34468761B1B811300878BF1 /* Frameworks */ = {
			isa = PBXFrameworksBuildPhase;
			buildActionMask = 2147483647;
			files = (
			);
			runOnlyForDeploymentPostprocessing = 0;
		};
/* End PBXFrameworksBuildPhase section */

/* Begin PBXGroup section */
		F344685B1B1B811300878BF1 = {
			isa = PBXGroup;
			children = (
				F34468661B1B811300878BF1 /* Camera */,
				F344687C1B1B811300878BF1 /* CameraTests */,
				F34468651B1B811300878BF1 /* Products */,
			);
			sourceTree = "<group>";
		};
		F34468651B1B811300878BF1 /* Products */ = {
			isa = PBXGroup;
			children = (
				F34468641B1B811300878BF1 /* Camera.app */,
				F34468791B1B811300878BF1 /* CameraTests.xctest */,
			);
			name = Products;
			sourceTree = "<group>";
		};
		F34468661B1B811300878BF1 /* Camera */ = {
			isa = PBXGroup;
			children = (
				F34468691B1B811300878BF1 /* AppDelegate.swift */,
				F344686B1B1B811300878BF1 /* ViewController.swift */,
				F344686D1B1B811300878BF1 /* Main.storyboard */,
				F34468701B1B811300878BF1 /* Images.xcassets */,
				F34468721B1B811300878BF1 /* LaunchScreen.xib */,
				F34468671B1B811300878BF1 /* Supporting Files */,
			);
			path = Camera;
			sourceTree = "<group>";
		};
		F34468671B1B811300878BF1 /* Supporting Files */ = {
			isa = PBXGroup;
			children = (
				F34468681B1B811300878BF1 /* Info.plist */,
			);
			name = "Supporting Files";
			sourceTree = "<group>";
		};
		F344687C1B1B811300878BF1 /* CameraTests */ = {
			isa = PBXGroup;
			children = (
				F344687F1B1B811300878BF1 /* CameraTests.swift */,
				F344687D1B1B811300878BF1 /* Supporting Files */,
			);
			path = CameraTests;
			sourceTree = "<group>";
		};
		F344687D1B1B811300878BF1 /* Supporting Files */ = {
			isa = PBXGroup;
			children = (
				F344687E1B1B811300878BF1 /* Info.plist */,
			);
			name = "Supporting Files";
			sourceTree = "<group>";
		};
/* End PBXGroup section */

/* Begin PBXNativeTarget section */
		F34468631B1B811300878BF1 /* Camera */ = {
			isa = PBXNativeTarget;
			buildConfigurationList = F34468831B1B811300878BF1 /* Build configuration list for PBXNativeTarget "Camera" */;
			buildPhases = (
				F34468601B1B811300878BF1 /* Sources */,
				F34468611B1B811300878BF1 /* Frameworks */,
				F34468621B1B811300878BF1 /* Resources */,
			);
			buildRules = (
			);
			dependencies = (
			);
			name = Camera;
			productName = Camera;
			productReference = F34468641B1B811300878BF1 /* Camera.app */;
			productType = "com.apple.product-type.application";
		};
		F34468781B1B811300878BF1 /* CameraTests */ = {
			isa = PBXNativeTarget;
			buildConfigurationList = F34468861B1B811300878BF1 /* Build configuration list for PBXNativeTarget "CameraTests" */;
			buildPhases = (
				F34468751B1B811300878BF1 /* Sources */,
				F34468761B1B811300878BF1 /* Frameworks */,
				F34468771B1B811300878BF1 /* Resources */,
			);
			buildRules = (
			);
			dependencies = (
				F344687B1B1B811300878BF1 /* PBXTargetDependency */,
			);
			name = CameraTests;
			productName = CameraTests;
			productReference = F34468791B1B811300878BF1 /* CameraTests.xctest */;
			productType = "com.apple.product-type.bundle.unit-test";
		};
/* End PBXNativeTarget section */

/* Begin PBXProject section */
		F344685C1B1B811300878BF1 /* Project object */ = {
			isa = PBXProject;
			attributes = {
				LastUpgradeCheck = 0630;
				ORGANIZATIONNAME = "Aimee Bragg";
				TargetAttributes = {
					F34468631B1B811300878BF1 = {
						CreatedOnToolsVersion = 6.3.1;
					};
					F34468781B1B811300878BF1 = {
						CreatedOnToolsVersion = 6.3.1;
						TestTargetID = F34468631B1B811300878BF1;
					};
				};
			};
			buildConfigurationList = F344685F1B1B811300878BF1 /* Build configuration list for PBXProject "Camera" */;
			compatibilityVersion = "Xcode 3.2";
			developmentRegion = English;
			hasScannedForEncodings = 0;
			knownRegions = (
				en,
				Base,
			);
			mainGroup = F344685B1B1B811300878BF1;
			productRefGroup = F34468651B1B811300878BF1 /* Products */;
			projectDirPath = "";
			projectRoot = "";
			targets = (
				F34468631B1B811300878BF1 /* Camera */,
				F34468781B1B811300878BF1 /* CameraTests */,
			);
		};
/* End PBXProject section */

/* Begin PBXResourcesBuildPhase section */
		F34468621B1B811300878BF1 /* Resources */ = {
			isa = PBXResourcesBuildPhase;
			buildActionMask = 2147483647;
			files = (
				F344686F1B1B811300878BF1 /* Main.storyboard in Resources */,
				F34468741B1B811300878BF1 /* LaunchScreen.xib in Resources */,
				F34468711B1B811300878BF1 /* Images.xcassets in Resources */,
			);
			runOnlyForDeploymentPostprocessing = 0;
		};
		F34468771B1B811300878BF1 /* Resources */ = {
			isa = PBXResourcesBuildPhase;
			buildActionMask = 2147483647;
			files = (
			);
			runOnlyForDeploymentPostprocessing = 0;
		};
/* End PBXResourcesBuildPhase section */

/* Begin PBXSourcesBuildPhase section */
		F34468601B1B811300878BF1 /* Sources */ = {
			isa = PBXSourcesBuildPhase;
			buildActionMask = 2147483647;
			files = (
				F344686C1B1B811300878BF1 /* ViewController.swift in Sources */,
				F344686A1B1B811300878BF1 /* AppDelegate.swift in Sources */,
			);
			runOnlyForDeploymentPostprocessing = 0;
		};
		F34468751B1B811300878BF1 /* Sources */ = {
			isa = PBXSourcesBuildPhase;
			buildActionMask = 2147483647;
			files = (
				F34468801B1B811300878BF1 /* CameraTests.swift in Sources */,
			);
			runOnlyForDeploymentPostprocessing = 0;
		};
/* End PBXSourcesBuildPhase section */

/* Begin PBXTargetDependency section */
		F344687B1B1B811300878BF1 /* PBXTargetDependency */ = {
			isa = PBXTargetDependency;
			target = F34468631B1B811300878BF1 /* Camera */;
			targetProxy = F344687A1B1B811300878BF1 /* PBXContainerItemProxy */;
		};
/* End PBXTargetDependency section */

/* Begin PBXVariantGroup section */
		F344686D1B1B811300878BF1 /* Main.storyboard */ = {
			isa = PBXVariantGroup;
			children = (
				F344686E1B1B811300878BF1 /* Base */,
			);
			name = Main.storyboard;
			sourceTree = "<group>";
		};
		F34468721B1B811300878BF1 /* LaunchScreen.xib */ = {
			isa = PBXVariantGroup;
			children = (
				F34468731B1B811300878BF1 /* Base */,
			);
			name = LaunchScreen.xib;
			sourceTree = "<group>";
		};
/* End PBXVariantGroup section */

/* Begin XCBuildConfiguration section */
		F34468811B1B811300878BF1 /* Debug */ = {
			isa = XCBuildConfiguration;
			buildSettings = {
				ALWAYS_SEARCH_USER_PATHS = NO;
				CLANG_CXX_LANGUAGE_STANDARD = "gnu++0x";
				CLANG_CXX_LIBRARY = "libc++";
				CLANG_ENABLE_MODULES = YES;
				CLANG_ENABLE_OBJC_ARC = YES;
				CLANG_WARN_BOOL_CONVERSION = YES;
				CLANG_WARN_CONSTANT_CONVERSION = YES;
				CLANG_WARN_DIRECT_OBJC_ISA_USAGE = YES_ERROR;
				CLANG_WARN_EMPTY_BODY = YES;
				CLANG_WARN_ENUM_CONVERSION = YES;
				CLANG_WARN_INT_CONVERSION = YES;
				CLANG_WARN_OBJC_ROOT_CLASS = YES_ERROR;
				CLANG_WARN_UNREACHABLE_CODE = YES;
				CLANG_WARN__DUPLICATE_METHOD_MATCH = YES;
				"CODE_SIGN_IDENTITY[sdk=iphoneos*]" = "iPhone Developer";
				COPY_PHASE_STRIP = NO;
				DEBUG_INFORMATION_FORMAT = "dwarf-with-dsym";
				ENABLE_STRICT_OBJC_MSGSEND = YES;
				GCC_C_LANGUAGE_STANDARD = gnu99;
				GCC_DYNAMIC_NO_PIC = NO;
				GCC_NO_COMMON_BLOCKS = YES;
				GCC_OPTIMIZATION_LEVEL = 0;
				GCC_PREPROCESSOR_DEFINITIONS = (
					"DEBUG=1",
					"$(inherited)",
				);
				GCC_SYMBOLS_PRIVATE_EXTERN = NO;
				GCC_WARN_64_TO_32_BIT_CONVERSION = YES;
				GCC_WARN_ABOUT_RETURN_TYPE = YES_ERROR;
				GCC_WARN_UNDECLARED_SELECTOR = YES;
				GCC_WARN_UNINITIALIZED_AUTOS = YES_AGGRESSIVE;
				GCC_WARN_UNUSED_FUNCTION = YES;
				GCC_WARN_UNUSED_VARIABLE = YES;
				IPHONEOS_DEPLOYMENT_TARGET = 8.3;
				MTL_ENABLE_DEBUG_INFO = YES;
				ONLY_ACTIVE_ARCH = YES;
				SDKROOT = iphoneos;
				SWIFT_OPTIMIZATION_LEVEL = "-Onone";
			};
			name = Debug;
		};
		F34468821B1B811300878BF1 /* Release */ = {
			isa = XCBuildConfiguration;
			buildSettings = {
				ALWAYS_SEARCH_USER_PATHS = NO;
				CLANG_CXX_LANGUAGE_STANDARD = "gnu++0x";
				CLANG_CXX_LIBRARY = "libc++";
				CLANG_ENABLE_MODULES = YES;
				CLANG_ENABLE_OBJC_ARC = YES;
				CLANG_WARN_BOOL_CONVERSION = YES;
				CLANG_WARN_CONSTANT_CONVERSION = YES;
				CLANG_WARN_DIRECT_OBJC_ISA_USAGE = YES_ERROR;
				CLANG_WARN_EMPTY_BODY = YES;
				CLANG_WARN_ENUM_CONVERSION = YES;
				CLANG_WARN_INT_CONVERSION = YES;
				CLANG_WARN_OBJC_ROOT_CLASS = YES_ERROR;
				CLANG_WARN_UNREACHABLE_CODE = YES;
				CLANG_WARN__DUPLICATE_METHOD_MATCH = YES;
				"CODE_SIGN_IDENTITY[sdk=iphoneos*]" = "iPhone Developer";
				COPY_PHASE_STRIP = NO;
				DEBUG_INFORMATION_FORMAT = "dwarf-with-dsym";
				ENABLE_NS_ASSERTIONS = NO;
				ENABLE_STRICT_OBJC_MSGSEND = YES;
				GCC_C_LANGUAGE_STANDARD = gnu99;
				GCC_NO_COMMON_BLOCKS = YES;
				GCC_WARN_64_TO_32_BIT_CONVERSION = YES;
				GCC_WARN_ABOUT_RETURN_TYPE = YES_ERROR;
				GCC_WARN_UNDECLARED_SELECTOR = YES;
				GCC_WARN_UNINITIALIZED_AUTOS = YES_AGGRESSIVE;
				GCC_WARN_UNUSED_FUNCTION = YES;
				GCC_WARN_UNUSED_VARIABLE = YES;
				IPHONEOS_DEPLOYMENT_TARGET = 8.3;
				MTL_ENABLE_DEBUG_INFO = NO;
				SDKROOT = iphoneos;
				VALIDATE_PRODUCT = YES;
			};
			name = Release;
		};
		F34468841B1B811300878BF1 /* Debug */ = {
			isa = XCBuildConfiguration;
			buildSettings = {
				ASSETCATALOG_COMPILER_APPICON_NAME = AppIcon;
				INFOPLIST_FILE = Camera/Info.plist;
				LD_RUNPATH_SEARCH_PATHS = "$(inherited) @executable_path/Frameworks";
				PRODUCT_NAME = "$(TARGET_NAME)";
			};
			name = Debug;
		};
		F34468851B1B811300878BF1 /* Release */ = {
			isa = XCBuildConfiguration;
			buildSettings = {
				ASSETCATALOG_COMPILER_APPICON_NAME = AppIcon;
				INFOPLIST_FILE = Camera/Info.plist;
				LD_RUNPATH_SEARCH_PATHS = "$(inherited) @executable_path/Frameworks";
				PRODUCT_NAME = "$(TARGET_NAME)";
			};
			name = Release;
		};
		F34468871B1B811300878BF1 /* Debug */ = {
			isa = XCBuildConfiguration;
			buildSettings = {
				BUNDLE_LOADER = "$(TEST_HOST)";
				FRAMEWORK_SEARCH_PATHS = (
					"$(SDKROOT)/Developer/Library/Frameworks",
					"$(inherited)",
				);
				GCC_PREPROCESSOR_DEFINITIONS = (
					"DEBUG=1",
					"$(inherited)",
				);
				INFOPLIST_FILE = CameraTests/Info.plist;
				LD_RUNPATH_SEARCH_PATHS = "$(inherited) @executable_path/Frameworks @loader_path/Frameworks";
				PRODUCT_NAME = "$(TARGET_NAME)";
				TEST_HOST = "$(BUILT_PRODUCTS_DIR)/Camera.app/Camera";
			};
			name = Debug;
		};
		F34468881B1B811300878BF1 /* Release */ = {
			isa = XCBuildConfiguration;
			buildSettings = {
				BUNDLE_LOADER = "$(TEST_HOST)";
				FRAMEWORK_SEARCH_PATHS = (
					"$(SDKROOT)/Developer/Library/Frameworks",
					"$(inherited)",
				);
				INFOPLIST_FILE = CameraTests/Info.plist;
				LD_RUNPATH_SEARCH_PATHS = "$(inherited) @executable_path/Frameworks @loader_path/Frameworks";
				PRODUCT_NAME = "$(TARGET_NAME)";
				TEST_HOST = "$(BUILT_PRODUCTS_DIR)/Camera.app/Camera";
			};
			name = Release;
		};
/* End XCBuildConfiguration section */

/* Begin XCConfigurationList section */
		F344685F1B1B811300878BF1 /* Build configuration list for PBXProject "Camera" */ = {
			isa = XCConfigurationList;
			buildConfigurations = (
				F34468811B1B811300878BF1 /* Debug */,
				F34468821B1B811300878BF1 /* Release */,
			);
			defaultConfigurationIsVisible = 0;
			defaultConfigurationName = Release;
		};
		F34468831B1B811300878BF1 /* Build configuration list for PBXNativeTarget "Camera" */ = {
			isa = XCConfigurationList;
			buildConfigurations = (
				F34468841B1B811300878BF1 /* Debug */,
				F34468851B1B811300878BF1 /* Release */,
			);
			defaultConfigurationIsVisible = 0;
		};
		F34468861B1B811300878BF1 /* Build configuration list for PBXNativeTarget "CameraTests" */ = {
			isa = XCConfigurationList;
			buildConfigurations = (
				F34468871B1B811300878BF1 /* Debug */,
				F34468881B1B811300878BF1 /* Release */,
			);
			defaultConfigurationIsVisible = 0;
		};
/* End XCConfigurationList section */
	};
	rootObject = F344685C1B1B811300878BF1 /* Project object */;
}
