// !$*UTF8*$!
{
	archiveVersion = 1;
	classes = {
	};
	objectVersion = 46;
	objects = {

/* Begin PBXBuildFile section */
		F37CC5171B2F1073005F18EC /* main.m in Sources */ = {isa = PBXBuildFile; fileRef = F37CC5161B2F1073005F18EC /* main.m */; };
		F37CC51A1B2F1073005F18EC /* AppDelegate.m in Sources */ = {isa = PBXBuildFile; fileRef = F37CC5191B2F1073005F18EC /* AppDelegate.m */; };
		F37CC5201B2F1073005F18EC /* Main.storyboard in Resources */ = {isa = PBXBuildFile; fileRef = F37CC51E1B2F1073005F18EC /* Main.storyboard */; };
		F37CC5221B2F1073005F18EC /* Images.xcassets in Resources */ = {isa = PBXBuildFile; fileRef = F37CC5211B2F1073005F18EC /* Images.xcassets */; };
		F37CC5251B2F1073005F18EC /* LaunchScreen.xib in Resources */ = {isa = PBXBuildFile; fileRef = F37CC5231B2F1073005F18EC /* LaunchScreen.xib */; };
		F37CC5311B2F1073005F18EC /* SecretsTests.m in Sources */ = {isa = PBXBuildFile; fileRef = F37CC5301B2F1073005F18EC /* SecretsTests.m */; };
		F37CC5481B2F1470005F18EC /* libsqlite3.dylib in Frameworks */ = {isa = PBXBuildFile; fileRef = F37CC53B1B2F1470005F18EC /* libsqlite3.dylib */; };
		F37CC5491B2F1470005F18EC /* libz.dylib in Frameworks */ = {isa = PBXBuildFile; fileRef = F37CC53C1B2F1470005F18EC /* libz.dylib */; };
		F37CC54A1B2F1470005F18EC /* SystemConfiguration.framework in Frameworks */ = {isa = PBXBuildFile; fileRef = F37CC53D1B2F1470005F18EC /* SystemConfiguration.framework */; };
		F37CC54B1B2F1470005F18EC /* StoreKit.framework in Frameworks */ = {isa = PBXBuildFile; fileRef = F37CC53E1B2F1470005F18EC /* StoreKit.framework */; };
		F37CC54C1B2F1470005F18EC /* Security.framework in Frameworks */ = {isa = PBXBuildFile; fileRef = F37CC53F1B2F1470005F18EC /* Security.framework */; };
		F37CC54D1B2F1470005F18EC /* QuartzCore.framework in Frameworks */ = {isa = PBXBuildFile; fileRef = F37CC5401B2F1470005F18EC /* QuartzCore.framework */; };
		F37CC54E1B2F1470005F18EC /* MobileCoreServices.framework in Frameworks */ = {isa = PBXBuildFile; fileRef = F37CC5411B2F1470005F18EC /* MobileCoreServices.framework */; };
		F37CC54F1B2F1470005F18EC /* CoreLocation.framework in Frameworks */ = {isa = PBXBuildFile; fileRef = F37CC5421B2F1470005F18EC /* CoreLocation.framework */; };
		F37CC5501B2F1470005F18EC /* CoreGraphics.framework in Frameworks */ = {isa = PBXBuildFile; fileRef = F37CC5431B2F1470005F18EC /* CoreGraphics.framework */; };
		F37CC5511B2F1470005F18EC /* CFNetwork.framework in Frameworks */ = {isa = PBXBuildFile; fileRef = F37CC5441B2F1470005F18EC /* CFNetwork.framework */; };
		F37CC5521B2F1470005F18EC /* AudioToolbox.framework in Frameworks */ = {isa = PBXBuildFile; fileRef = F37CC5451B2F1470005F18EC /* AudioToolbox.framework */; };
		F37CC5531B2F1470005F18EC /* Bolts.framework in Frameworks */ = {isa = PBXBuildFile; fileRef = F37CC5461B2F1470005F18EC /* Bolts.framework */; };
		F37CC5541B2F1470005F18EC /* Parse.framework in Frameworks */ = {isa = PBXBuildFile; fileRef = F37CC5471B2F1470005F18EC /* Parse.framework */; };
		F37CC55D1B2F2DD3005F18EC /* FriendsTableViewController.m in Sources */ = {isa = PBXBuildFile; fileRef = F37CC55C1B2F2DD3005F18EC /* FriendsTableViewController.m */; };
		F37CC5601B2F2DEB005F18EC /* SearchTableViewController.m in Sources */ = {isa = PBXBuildFile; fileRef = F37CC55F1B2F2DEB005F18EC /* SearchTableViewController.m */; };
/* End PBXBuildFile section */

/* Begin PBXContainerItemProxy section */
		F37CC52B1B2F1073005F18EC /* PBXContainerItemProxy */ = {
			isa = PBXContainerItemProxy;
			containerPortal = F37CC5091B2F1073005F18EC /* Project object */;
			proxyType = 1;
			remoteGlobalIDString = F37CC5101B2F1073005F18EC;
			remoteInfo = Secrets;
		};
/* End PBXContainerItemProxy section */

/* Begin PBXFileReference section */
		F37CC5111B2F1073005F18EC /* Secrets.app */ = {isa = PBXFileReference; explicitFileType = wrapper.application; includeInIndex = 0; path = Secrets.app; sourceTree = BUILT_PRODUCTS_DIR; };
		F37CC5151B2F1073005F18EC /* Info.plist */ = {isa = PBXFileReference; lastKnownFileType = text.plist.xml; path = Info.plist; sourceTree = "<group>"; };
		F37CC5161B2F1073005F18EC /* main.m */ = {isa = PBXFileReference; lastKnownFileType = sourcecode.c.objc; path = main.m; sourceTree = "<group>"; };
		F37CC5181B2F1073005F18EC /* AppDelegate.h */ = {isa = PBXFileReference; lastKnownFileType = sourcecode.c.h; path = AppDelegate.h; sourceTree = "<group>"; };
		F37CC5191B2F1073005F18EC /* AppDelegate.m */ = {isa = PBXFileReference; lastKnownFileType = sourcecode.c.objc; path = AppDelegate.m; sourceTree = "<group>"; };
		F37CC51F1B2F1073005F18EC /* Base */ = {isa = PBXFileReference; lastKnownFileType = file.storyboard; name = Base; path = Base.lproj/Main.storyboard; sourceTree = "<group>"; };
		F37CC5211B2F1073005F18EC /* Images.xcassets */ = {isa = PBXFileReference; lastKnownFileType = folder.assetcatalog; path = Images.xcassets; sourceTree = "<group>"; };
		F37CC5241B2F1073005F18EC /* Base */ = {isa = PBXFileReference; lastKnownFileType = file.xib; name = Base; path = Base.lproj/LaunchScreen.xib; sourceTree = "<group>"; };
		F37CC52A1B2F1073005F18EC /* SecretsTests.xctest */ = {isa = PBXFileReference; explicitFileType = wrapper.cfbundle; includeInIndex = 0; path = SecretsTests.xctest; sourceTree = BUILT_PRODUCTS_DIR; };
		F37CC52F1B2F1073005F18EC /* Info.plist */ = {isa = PBXFileReference; lastKnownFileType = text.plist.xml; path = Info.plist; sourceTree = "<group>"; };
		F37CC5301B2F1073005F18EC /* SecretsTests.m */ = {isa = PBXFileReference; lastKnownFileType = sourcecode.c.objc; path = SecretsTests.m; sourceTree = "<group>"; };
		F37CC53B1B2F1470005F18EC /* libsqlite3.dylib */ = {isa = PBXFileReference; lastKnownFileType = "compiled.mach-o.dylib"; name = libsqlite3.dylib; path = usr/lib/libsqlite3.dylib; sourceTree = SDKROOT; };
		F37CC53C1B2F1470005F18EC /* libz.dylib */ = {isa = PBXFileReference; lastKnownFileType = "compiled.mach-o.dylib"; name = libz.dylib; path = usr/lib/libz.dylib; sourceTree = SDKROOT; };
		F37CC53D1B2F1470005F18EC /* SystemConfiguration.framework */ = {isa = PBXFileReference; lastKnownFileType = wrapper.framework; name = SystemConfiguration.framework; path = System/Library/Frameworks/SystemConfiguration.framework; sourceTree = SDKROOT; };
		F37CC53E1B2F1470005F18EC /* StoreKit.framework */ = {isa = PBXFileReference; lastKnownFileType = wrapper.framework; name = StoreKit.framework; path = System/Library/Frameworks/StoreKit.framework; sourceTree = SDKROOT; };
		F37CC53F1B2F1470005F18EC /* Security.framework */ = {isa = PBXFileReference; lastKnownFileType = wrapper.framework; name = Security.framework; path = System/Library/Frameworks/Security.framework; sourceTree = SDKROOT; };
		F37CC5401B2F1470005F18EC /* QuartzCore.framework */ = {isa = PBXFileReference; lastKnownFileType = wrapper.framework; name = QuartzCore.framework; path = System/Library/Frameworks/QuartzCore.framework; sourceTree = SDKROOT; };
		F37CC5411B2F1470005F18EC /* MobileCoreServices.framework */ = {isa = PBXFileReference; lastKnownFileType = wrapper.framework; name = MobileCoreServices.framework; path = System/Library/Frameworks/MobileCoreServices.framework; sourceTree = SDKROOT; };
		F37CC5421B2F1470005F18EC /* CoreLocation.framework */ = {isa = PBXFileReference; lastKnownFileType = wrapper.framework; name = CoreLocation.framework; path = System/Library/Frameworks/CoreLocation.framework; sourceTree = SDKROOT; };
		F37CC5431B2F1470005F18EC /* CoreGraphics.framework */ = {isa = PBXFileReference; lastKnownFileType = wrapper.framework; name = CoreGraphics.framework; path = System/Library/Frameworks/CoreGraphics.framework; sourceTree = SDKROOT; };
		F37CC5441B2F1470005F18EC /* CFNetwork.framework */ = {isa = PBXFileReference; lastKnownFileType = wrapper.framework; name = CFNetwork.framework; path = System/Library/Frameworks/CFNetwork.framework; sourceTree = SDKROOT; };
		F37CC5451B2F1470005F18EC /* AudioToolbox.framework */ = {isa = PBXFileReference; lastKnownFileType = wrapper.framework; name = AudioToolbox.framework; path = System/Library/Frameworks/AudioToolbox.framework; sourceTree = SDKROOT; };
		F37CC5461B2F1470005F18EC /* Bolts.framework */ = {isa = PBXFileReference; lastKnownFileType = wrapper.framework; name = Bolts.framework; path = ../../SlytherFrynds/SlytherFrynds/Bolts.framework; sourceTree = "<group>"; };
		F37CC5471B2F1470005F18EC /* Parse.framework */ = {isa = PBXFileReference; lastKnownFileType = wrapper.framework; name = Parse.framework; path = ../../SlytherFrynds/SlytherFrynds/Parse.framework; sourceTree = "<group>"; };
		F37CC55B1B2F2DD3005F18EC /* FriendsTableViewController.h */ = {isa = PBXFileReference; fileEncoding = 4; lastKnownFileType = sourcecode.c.h; path = FriendsTableViewController.h; sourceTree = "<group>"; };
		F37CC55C1B2F2DD3005F18EC /* FriendsTableViewController.m */ = {isa = PBXFileReference; fileEncoding = 4; lastKnownFileType = sourcecode.c.objc; path = FriendsTableViewController.m; sourceTree = "<group>"; };
		F37CC55E1B2F2DEB005F18EC /* SearchTableViewController.h */ = {isa = PBXFileReference; fileEncoding = 4; lastKnownFileType = sourcecode.c.h; path = SearchTableViewController.h; sourceTree = "<group>"; };
		F37CC55F1B2F2DEB005F18EC /* SearchTableViewController.m */ = {isa = PBXFileReference; fileEncoding = 4; lastKnownFileType = sourcecode.c.objc; path = SearchTableViewController.m; sourceTree = "<group>"; };
/* End PBXFileReference section */

/* Begin PBXFrameworksBuildPhase section */
		F37CC50E1B2F1073005F18EC /* Frameworks */ = {
			isa = PBXFrameworksBuildPhase;
			buildActionMask = 2147483647;
			files = (
				F37CC5481B2F1470005F18EC /* libsqlite3.dylib in Frameworks */,
				F37CC54E1B2F1470005F18EC /* MobileCoreServices.framework in Frameworks */,
				F37CC54C1B2F1470005F18EC /* Security.framework in Frameworks */,
				F37CC5531B2F1470005F18EC /* Bolts.framework in Frameworks */,
				F37CC5521B2F1470005F18EC /* AudioToolbox.framework in Frameworks */,
				F37CC5501B2F1470005F18EC /* CoreGraphics.framework in Frameworks */,
				F37CC5541B2F1470005F18EC /* Parse.framework in Frameworks */,
				F37CC5511B2F1470005F18EC /* CFNetwork.framework in Frameworks */,
				F37CC54D1B2F1470005F18EC /* QuartzCore.framework in Frameworks */,
				F37CC54F1B2F1470005F18EC /* CoreLocation.framework in Frameworks */,
				F37CC54A1B2F1470005F18EC /* SystemConfiguration.framework in Frameworks */,
				F37CC5491B2F1470005F18EC /* libz.dylib in Frameworks */,
				F37CC54B1B2F1470005F18EC /* StoreKit.framework in Frameworks */,
			);
			runOnlyForDeploymentPostprocessing = 0;
		};
		F37CC5271B2F1073005F18EC /* Frameworks */ = {
			isa = PBXFrameworksBuildPhase;
			buildActionMask = 2147483647;
			files = (
			);
			runOnlyForDeploymentPostprocessing = 0;
		};
/* End PBXFrameworksBuildPhase section */

/* Begin PBXGroup section */
		F37CC5081B2F1073005F18EC = {
			isa = PBXGroup;
			children = (
				F37CC5131B2F1073005F18EC /* Secrets */,
				F37CC52D1B2F1073005F18EC /* SecretsTests */,
				F37CC5121B2F1073005F18EC /* Products */,
			);
			sourceTree = "<group>";
		};
		F37CC5121B2F1073005F18EC /* Products */ = {
			isa = PBXGroup;
			children = (
				F37CC5111B2F1073005F18EC /* Secrets.app */,
				F37CC52A1B2F1073005F18EC /* SecretsTests.xctest */,
			);
			name = Products;
			sourceTree = "<group>";
		};
		F37CC5131B2F1073005F18EC /* Secrets */ = {
			isa = PBXGroup;
			children = (
				F37CC5181B2F1073005F18EC /* AppDelegate.h */,
				F37CC5191B2F1073005F18EC /* AppDelegate.m */,
				F37CC55B1B2F2DD3005F18EC /* FriendsTableViewController.h */,
				F37CC55C1B2F2DD3005F18EC /* FriendsTableViewController.m */,
				F37CC55E1B2F2DEB005F18EC /* SearchTableViewController.h */,
				F37CC55F1B2F2DEB005F18EC /* SearchTableViewController.m */,
				F37CC53A1B2F13B3005F18EC /* Frameworks */,
				F37CC51E1B2F1073005F18EC /* Main.storyboard */,
				F37CC53B1B2F1470005F18EC /* libsqlite3.dylib */,
				F37CC53C1B2F1470005F18EC /* libz.dylib */,
				F37CC53D1B2F1470005F18EC /* SystemConfiguration.framework */,
				F37CC53E1B2F1470005F18EC /* StoreKit.framework */,
				F37CC53F1B2F1470005F18EC /* Security.framework */,
				F37CC5401B2F1470005F18EC /* QuartzCore.framework */,
				F37CC5411B2F1470005F18EC /* MobileCoreServices.framework */,
				F37CC5421B2F1470005F18EC /* CoreLocation.framework */,
				F37CC5431B2F1470005F18EC /* CoreGraphics.framework */,
				F37CC5441B2F1470005F18EC /* CFNetwork.framework */,
				F37CC5451B2F1470005F18EC /* AudioToolbox.framework */,
				F37CC5461B2F1470005F18EC /* Bolts.framework */,
				F37CC5471B2F1470005F18EC /* Parse.framework */,
				F37CC5211B2F1073005F18EC /* Images.xcassets */,
				F37CC5231B2F1073005F18EC /* LaunchScreen.xib */,
				F37CC5141B2F1073005F18EC /* Supporting Files */,
			);
			path = Secrets;
			sourceTree = "<group>";
		};
		F37CC5141B2F1073005F18EC /* Supporting Files */ = {
			isa = PBXGroup;
			children = (
				F37CC5151B2F1073005F18EC /* Info.plist */,
				F37CC5161B2F1073005F18EC /* main.m */,
			);
			name = "Supporting Files";
			sourceTree = "<group>";
		};
		F37CC52D1B2F1073005F18EC /* SecretsTests */ = {
			isa = PBXGroup;
			children = (
				F37CC5301B2F1073005F18EC /* SecretsTests.m */,
				F37CC52E1B2F1073005F18EC /* Supporting Files */,
			);
			path = SecretsTests;
			sourceTree = "<group>";
		};
		F37CC52E1B2F1073005F18EC /* Supporting Files */ = {
			isa = PBXGroup;
			children = (
				F37CC52F1B2F1073005F18EC /* Info.plist */,
			);
			name = "Supporting Files";
			sourceTree = "<group>";
		};
		F37CC53A1B2F13B3005F18EC /* Frameworks */ = {
			isa = PBXGroup;
			children = (
			);
			name = Frameworks;
			sourceTree = "<group>";
		};
/* End PBXGroup section */

/* Begin PBXNativeTarget section */
		F37CC5101B2F1073005F18EC /* Secrets */ = {
			isa = PBXNativeTarget;
			buildConfigurationList = F37CC5341B2F1073005F18EC /* Build configuration list for PBXNativeTarget "Secrets" */;
			buildPhases = (
				F37CC50D1B2F1073005F18EC /* Sources */,
				F37CC50E1B2F1073005F18EC /* Frameworks */,
				F37CC50F1B2F1073005F18EC /* Resources */,
			);
			buildRules = (
			);
			dependencies = (
			);
			name = Secrets;
			productName = Secrets;
			productReference = F37CC5111B2F1073005F18EC /* Secrets.app */;
			productType = "com.apple.product-type.application";
		};
		F37CC5291B2F1073005F18EC /* SecretsTests */ = {
			isa = PBXNativeTarget;
			buildConfigurationList = F37CC5371B2F1073005F18EC /* Build configuration list for PBXNativeTarget "SecretsTests" */;
			buildPhases = (
				F37CC5261B2F1073005F18EC /* Sources */,
				F37CC5271B2F1073005F18EC /* Frameworks */,
				F37CC5281B2F1073005F18EC /* Resources */,
			);
			buildRules = (
			);
			dependencies = (
				F37CC52C1B2F1073005F18EC /* PBXTargetDependency */,
			);
			name = SecretsTests;
			productName = SecretsTests;
			productReference = F37CC52A1B2F1073005F18EC /* SecretsTests.xctest */;
			productType = "com.apple.product-type.bundle.unit-test";
		};
/* End PBXNativeTarget section */

/* Begin PBXProject section */
		F37CC5091B2F1073005F18EC /* Project object */ = {
			isa = PBXProject;
			attributes = {
				LastUpgradeCheck = 0630;
				ORGANIZATIONNAME = "Aimee Bragg";
				TargetAttributes = {
					F37CC5101B2F1073005F18EC = {
						CreatedOnToolsVersion = 6.3.1;
						DevelopmentTeam = MC5L9HK9FC;
					};
					F37CC5291B2F1073005F18EC = {
						CreatedOnToolsVersion = 6.3.1;
						TestTargetID = F37CC5101B2F1073005F18EC;
					};
				};
			};
			buildConfigurationList = F37CC50C1B2F1073005F18EC /* Build configuration list for PBXProject "Secrets" */;
			compatibilityVersion = "Xcode 3.2";
			developmentRegion = English;
			hasScannedForEncodings = 0;
			knownRegions = (
				en,
				Base,
			);
			mainGroup = F37CC5081B2F1073005F18EC;
			productRefGroup = F37CC5121B2F1073005F18EC /* Products */;
			projectDirPath = "";
			projectRoot = "";
			targets = (
				F37CC5101B2F1073005F18EC /* Secrets */,
				F37CC5291B2F1073005F18EC /* SecretsTests */,
			);
		};
/* End PBXProject section */

/* Begin PBXResourcesBuildPhase section */
		F37CC50F1B2F1073005F18EC /* Resources */ = {
			isa = PBXResourcesBuildPhase;
			buildActionMask = 2147483647;
			files = (
				F37CC5201B2F1073005F18EC /* Main.storyboard in Resources */,
				F37CC5251B2F1073005F18EC /* LaunchScreen.xib in Resources */,
				F37CC5221B2F1073005F18EC /* Images.xcassets in Resources */,
			);
			runOnlyForDeploymentPostprocessing = 0;
		};
		F37CC5281B2F1073005F18EC /* Resources */ = {
			isa = PBXResourcesBuildPhase;
			buildActionMask = 2147483647;
			files = (
			);
			runOnlyForDeploymentPostprocessing = 0;
		};
/* End PBXResourcesBuildPhase section */

/* Begin PBXSourcesBuildPhase section */
		F37CC50D1B2F1073005F18EC /* Sources */ = {
			isa = PBXSourcesBuildPhase;
			buildActionMask = 2147483647;
			files = (
				F37CC51A1B2F1073005F18EC /* AppDelegate.m in Sources */,
				F37CC55D1B2F2DD3005F18EC /* FriendsTableViewController.m in Sources */,
				F37CC5601B2F2DEB005F18EC /* SearchTableViewController.m in Sources */,
				F37CC5171B2F1073005F18EC /* main.m in Sources */,
			);
			runOnlyForDeploymentPostprocessing = 0;
		};
		F37CC5261B2F1073005F18EC /* Sources */ = {
			isa = PBXSourcesBuildPhase;
			buildActionMask = 2147483647;
			files = (
				F37CC5311B2F1073005F18EC /* SecretsTests.m in Sources */,
			);
			runOnlyForDeploymentPostprocessing = 0;
		};
/* End PBXSourcesBuildPhase section */

/* Begin PBXTargetDependency section */
		F37CC52C1B2F1073005F18EC /* PBXTargetDependency */ = {
			isa = PBXTargetDependency;
			target = F37CC5101B2F1073005F18EC /* Secrets */;
			targetProxy = F37CC52B1B2F1073005F18EC /* PBXContainerItemProxy */;
		};
/* End PBXTargetDependency section */

/* Begin PBXVariantGroup section */
		F37CC51E1B2F1073005F18EC /* Main.storyboard */ = {
			isa = PBXVariantGroup;
			children = (
				F37CC51F1B2F1073005F18EC /* Base */,
			);
			name = Main.storyboard;
			sourceTree = "<group>";
		};
		F37CC5231B2F1073005F18EC /* LaunchScreen.xib */ = {
			isa = PBXVariantGroup;
			children = (
				F37CC5241B2F1073005F18EC /* Base */,
			);
			name = LaunchScreen.xib;
			sourceTree = "<group>";
		};
/* End PBXVariantGroup section */

/* Begin XCBuildConfiguration section */
		F37CC5321B2F1073005F18EC /* Debug */ = {
			isa = XCBuildConfiguration;
			buildSettings = {
				ALWAYS_SEARCH_USER_PATHS = NO;
				CLANG_CXX_LANGUAGE_STANDARD = "gnu++0x";
				CLANG_CXX_LIBRARY = "libc++";
				CLANG_ENABLE_MODULES = YES;
				CLANG_ENABLE_OBJC_ARC = YES;
				CLANG_WARN_BOOL_CONVERSION = YES;
				CLANG_WARN_CONSTANT_CONVERSION = YES;
				CLANG_WARN_DIRECT_OBJC_ISA_USAGE = YES_ERROR;
				CLANG_WARN_EMPTY_BODY = YES;
				CLANG_WARN_ENUM_CONVERSION = YES;
				CLANG_WARN_INT_CONVERSION = YES;
				CLANG_WARN_OBJC_ROOT_CLASS = YES_ERROR;
				CLANG_WARN_UNREACHABLE_CODE = YES;
				CLANG_WARN__DUPLICATE_METHOD_MATCH = YES;
				"CODE_SIGN_IDENTITY[sdk=iphoneos*]" = "iPhone Developer";
				COPY_PHASE_STRIP = NO;
				DEBUG_INFORMATION_FORMAT = "dwarf-with-dsym";
				ENABLE_STRICT_OBJC_MSGSEND = YES;
				GCC_C_LANGUAGE_STANDARD = gnu99;
				GCC_DYNAMIC_NO_PIC = NO;
				GCC_NO_COMMON_BLOCKS = YES;
				GCC_OPTIMIZATION_LEVEL = 0;
				GCC_PREPROCESSOR_DEFINITIONS = (
					"DEBUG=1",
					"$(inherited)",
				);
				GCC_SYMBOLS_PRIVATE_EXTERN = NO;
				GCC_WARN_64_TO_32_BIT_CONVERSION = YES;
				GCC_WARN_ABOUT_RETURN_TYPE = YES_ERROR;
				GCC_WARN_UNDECLARED_SELECTOR = YES;
				GCC_WARN_UNINITIALIZED_AUTOS = YES_AGGRESSIVE;
				GCC_WARN_UNUSED_FUNCTION = YES;
				GCC_WARN_UNUSED_VARIABLE = YES;
				IPHONEOS_DEPLOYMENT_TARGET = 8.3;
				MTL_ENABLE_DEBUG_INFO = YES;
				ONLY_ACTIVE_ARCH = YES;
				SDKROOT = iphoneos;
			};
			name = Debug;
		};
		F37CC5331B2F1073005F18EC /* Release */ = {
			isa = XCBuildConfiguration;
			buildSettings = {
				ALWAYS_SEARCH_USER_PATHS = NO;
				CLANG_CXX_LANGUAGE_STANDARD = "gnu++0x";
				CLANG_CXX_LIBRARY = "libc++";
				CLANG_ENABLE_MODULES = YES;
				CLANG_ENABLE_OBJC_ARC = YES;
				CLANG_WARN_BOOL_CONVERSION = YES;
				CLANG_WARN_CONSTANT_CONVERSION = YES;
				CLANG_WARN_DIRECT_OBJC_ISA_USAGE = YES_ERROR;
				CLANG_WARN_EMPTY_BODY = YES;
				CLANG_WARN_ENUM_CONVERSION = YES;
				CLANG_WARN_INT_CONVERSION = YES;
				CLANG_WARN_OBJC_ROOT_CLASS = YES_ERROR;
				CLANG_WARN_UNREACHABLE_CODE = YES;
				CLANG_WARN__DUPLICATE_METHOD_MATCH = YES;
				"CODE_SIGN_IDENTITY[sdk=iphoneos*]" = "iPhone Developer";
				COPY_PHASE_STRIP = NO;
				DEBUG_INFORMATION_FORMAT = "dwarf-with-dsym";
				ENABLE_NS_ASSERTIONS = NO;
				ENABLE_STRICT_OBJC_MSGSEND = YES;
				GCC_C_LANGUAGE_STANDARD = gnu99;
				GCC_NO_COMMON_BLOCKS = YES;
				GCC_WARN_64_TO_32_BIT_CONVERSION = YES;
				GCC_WARN_ABOUT_RETURN_TYPE = YES_ERROR;
				GCC_WARN_UNDECLARED_SELECTOR = YES;
				GCC_WARN_UNINITIALIZED_AUTOS = YES_AGGRESSIVE;
				GCC_WARN_UNUSED_FUNCTION = YES;
				GCC_WARN_UNUSED_VARIABLE = YES;
				IPHONEOS_DEPLOYMENT_TARGET = 8.3;
				MTL_ENABLE_DEBUG_INFO = NO;
				SDKROOT = iphoneos;
				VALIDATE_PRODUCT = YES;
			};
			name = Release;
		};
		F37CC5351B2F1073005F18EC /* Debug */ = {
			isa = XCBuildConfiguration;
			buildSettings = {
				ASSETCATALOG_COMPILER_APPICON_NAME = AppIcon;
				CODE_SIGN_IDENTITY = "iPhone Developer";
				FRAMEWORK_SEARCH_PATHS = (
					"$(inherited)",
					/Users/aimeebragg/_github/FirstApps/SlytherFrynds/SlytherFrynds,
				);
				INFOPLIST_FILE = Secrets/Info.plist;
				LD_RUNPATH_SEARCH_PATHS = "$(inherited) @executable_path/Frameworks";
				PRODUCT_NAME = "$(TARGET_NAME)";
				TARGETED_DEVICE_FAMILY = 1;
			};
			name = Debug;
		};
		F37CC5361B2F1073005F18EC /* Release */ = {
			isa = XCBuildConfiguration;
			buildSettings = {
				ASSETCATALOG_COMPILER_APPICON_NAME = AppIcon;
				CODE_SIGN_IDENTITY = "iPhone Developer";
				FRAMEWORK_SEARCH_PATHS = (
					"$(inherited)",
					/Users/aimeebragg/_github/FirstApps/SlytherFrynds/SlytherFrynds,
				);
				INFOPLIST_FILE = Secrets/Info.plist;
				LD_RUNPATH_SEARCH_PATHS = "$(inherited) @executable_path/Frameworks";
				PRODUCT_NAME = "$(TARGET_NAME)";
				TARGETED_DEVICE_FAMILY = 1;
			};
			name = Release;
		};
		F37CC5381B2F1073005F18EC /* Debug */ = {
			isa = XCBuildConfiguration;
			buildSettings = {
				BUNDLE_LOADER = "$(TEST_HOST)";
				FRAMEWORK_SEARCH_PATHS = (
					"$(SDKROOT)/Developer/Library/Frameworks",
					"$(inherited)",
				);
				GCC_PREPROCESSOR_DEFINITIONS = (
					"DEBUG=1",
					"$(inherited)",
				);
				INFOPLIST_FILE = SecretsTests/Info.plist;
				LD_RUNPATH_SEARCH_PATHS = "$(inherited) @executable_path/Frameworks @loader_path/Frameworks";
				PRODUCT_NAME = "$(TARGET_NAME)";
				TEST_HOST = "$(BUILT_PRODUCTS_DIR)/Secrets.app/Secrets";
			};
			name = Debug;
		};
		F37CC5391B2F1073005F18EC /* Release */ = {
			isa = XCBuildConfiguration;
			buildSettings = {
				BUNDLE_LOADER = "$(TEST_HOST)";
				FRAMEWORK_SEARCH_PATHS = (
					"$(SDKROOT)/Developer/Library/Frameworks",
					"$(inherited)",
				);
				INFOPLIST_FILE = SecretsTests/Info.plist;
				LD_RUNPATH_SEARCH_PATHS = "$(inherited) @executable_path/Frameworks @loader_path/Frameworks";
				PRODUCT_NAME = "$(TARGET_NAME)";
				TEST_HOST = "$(BUILT_PRODUCTS_DIR)/Secrets.app/Secrets";
			};
			name = Release;
		};
/* End XCBuildConfiguration section */

/* Begin XCConfigurationList section */
		F37CC50C1B2F1073005F18EC /* Build configuration list for PBXProject "Secrets" */ = {
			isa = XCConfigurationList;
			buildConfigurations = (
				F37CC5321B2F1073005F18EC /* Debug */,
				F37CC5331B2F1073005F18EC /* Release */,
			);
			defaultConfigurationIsVisible = 0;
			defaultConfigurationName = Release;
		};
		F37CC5341B2F1073005F18EC /* Build configuration list for PBXNativeTarget "Secrets" */ = {
			isa = XCConfigurationList;
			buildConfigurations = (
				F37CC5351B2F1073005F18EC /* Debug */,
				F37CC5361B2F1073005F18EC /* Release */,
			);
			defaultConfigurationIsVisible = 0;
			defaultConfigurationName = Release;
		};
		F37CC5371B2F1073005F18EC /* Build configuration list for PBXNativeTarget "SecretsTests" */ = {
			isa = XCConfigurationList;
			buildConfigurations = (
				F37CC5381B2F1073005F18EC /* Debug */,
				F37CC5391B2F1073005F18EC /* Release */,
			);
			defaultConfigurationIsVisible = 0;
			defaultConfigurationName = Release;
		};
/* End XCConfigurationList section */
	};
	rootObject = F37CC5091B2F1073005F18EC /* Project object */;
}
