// !$*UTF8*$!
{
	archiveVersion = 1;
	classes = {
	};
	objectVersion = 46;
	objects = {

/* Begin PBXBuildFile section */
		F33861821B30757400F56C76 /* AppDelegate.swift in Sources */ = {isa = PBXBuildFile; fileRef = F33861811B30757400F56C76 /* AppDelegate.swift */; };
		F33861841B30757400F56C76 /* ViewController.swift in Sources */ = {isa = PBXBuildFile; fileRef = F33861831B30757400F56C76 /* ViewController.swift */; };
		F33861871B30757400F56C76 /* Main.storyboard in Resources */ = {isa = PBXBuildFile; fileRef = F33861851B30757400F56C76 /* Main.storyboard */; };
		F33861891B30757400F56C76 /* Images.xcassets in Resources */ = {isa = PBXBuildFile; fileRef = F33861881B30757400F56C76 /* Images.xcassets */; };
		F338618C1B30757400F56C76 /* LaunchScreen.xib in Resources */ = {isa = PBXBuildFile; fileRef = F338618A1B30757400F56C76 /* LaunchScreen.xib */; };
		F33861981B30757400F56C76 /* ReviewTests.swift in Sources */ = {isa = PBXBuildFile; fileRef = F33861971B30757400F56C76 /* ReviewTests.swift */; };
		F33861A21B30781200F56C76 /* Login.storyboard in Resources */ = {isa = PBXBuildFile; fileRef = F33861A11B30781200F56C76 /* Login.storyboard */; };
		F33861A41B307B8000F56C76 /* Random.swift in Sources */ = {isa = PBXBuildFile; fileRef = F33861A31B307B8000F56C76 /* Random.swift */; };
/* End PBXBuildFile section */

/* Begin PBXContainerItemProxy section */
		F33861921B30757400F56C76 /* PBXContainerItemProxy */ = {
			isa = PBXContainerItemProxy;
			containerPortal = F33861741B30757400F56C76 /* Project object */;
			proxyType = 1;
			remoteGlobalIDString = F338617B1B30757400F56C76;
			remoteInfo = Review;
		};
/* End PBXContainerItemProxy section */

/* Begin PBXFileReference section */
		F338617C1B30757400F56C76 /* Review.app */ = {isa = PBXFileReference; explicitFileType = wrapper.application; includeInIndex = 0; path = Review.app; sourceTree = BUILT_PRODUCTS_DIR; };
		F33861801B30757400F56C76 /* Info.plist */ = {isa = PBXFileReference; lastKnownFileType = text.plist.xml; path = Info.plist; sourceTree = "<group>"; };
		F33861811B30757400F56C76 /* AppDelegate.swift */ = {isa = PBXFileReference; lastKnownFileType = sourcecode.swift; path = AppDelegate.swift; sourceTree = "<group>"; };
		F33861831B30757400F56C76 /* ViewController.swift */ = {isa = PBXFileReference; lastKnownFileType = sourcecode.swift; path = ViewController.swift; sourceTree = "<group>"; };
		F33861861B30757400F56C76 /* Base */ = {isa = PBXFileReference; lastKnownFileType = file.storyboard; name = Base; path = Base.lproj/Main.storyboard; sourceTree = "<group>"; };
		F33861881B30757400F56C76 /* Images.xcassets */ = {isa = PBXFileReference; lastKnownFileType = folder.assetcatalog; path = Images.xcassets; sourceTree = "<group>"; };
		F338618B1B30757400F56C76 /* Base */ = {isa = PBXFileReference; lastKnownFileType = file.xib; name = Base; path = Base.lproj/LaunchScreen.xib; sourceTree = "<group>"; };
		F33861911B30757400F56C76 /* ReviewTests.xctest */ = {isa = PBXFileReference; explicitFileType = wrapper.cfbundle; includeInIndex = 0; path = ReviewTests.xctest; sourceTree = BUILT_PRODUCTS_DIR; };
		F33861961B30757400F56C76 /* Info.plist */ = {isa = PBXFileReference; lastKnownFileType = text.plist.xml; path = Info.plist; sourceTree = "<group>"; };
		F33861971B30757400F56C76 /* ReviewTests.swift */ = {isa = PBXFileReference; lastKnownFileType = sourcecode.swift; path = ReviewTests.swift; sourceTree = "<group>"; };
		F33861A11B30781200F56C76 /* Login.storyboard */ = {isa = PBXFileReference; fileEncoding = 4; lastKnownFileType = file.storyboard; path = Login.storyboard; sourceTree = "<group>"; };
		F33861A31B307B8000F56C76 /* Random.swift */ = {isa = PBXFileReference; fileEncoding = 4; lastKnownFileType = sourcecode.swift; path = Random.swift; sourceTree = "<group>"; };
/* End PBXFileReference section */

/* Begin PBXFrameworksBuildPhase section */
		F33861791B30757400F56C76 /* Frameworks */ = {
			isa = PBXFrameworksBuildPhase;
			buildActionMask = 2147483647;
			files = (
			);
			runOnlyForDeploymentPostprocessing = 0;
		};
		F338618E1B30757400F56C76 /* Frameworks */ = {
			isa = PBXFrameworksBuildPhase;
			buildActionMask = 2147483647;
			files = (
			);
			runOnlyForDeploymentPostprocessing = 0;
		};
/* End PBXFrameworksBuildPhase section */

/* Begin PBXGroup section */
		F33861731B30757400F56C76 = {
			isa = PBXGroup;
			children = (
				F338617E1B30757400F56C76 /* Review */,
				F33861941B30757400F56C76 /* ReviewTests */,
				F338617D1B30757400F56C76 /* Products */,
			);
			sourceTree = "<group>";
		};
		F338617D1B30757400F56C76 /* Products */ = {
			isa = PBXGroup;
			children = (
				F338617C1B30757400F56C76 /* Review.app */,
				F33861911B30757400F56C76 /* ReviewTests.xctest */,
			);
			name = Products;
			sourceTree = "<group>";
		};
		F338617E1B30757400F56C76 /* Review */ = {
			isa = PBXGroup;
			children = (
				F33861811B30757400F56C76 /* AppDelegate.swift */,
				F33861831B30757400F56C76 /* ViewController.swift */,
				F33861A31B307B8000F56C76 /* Random.swift */,
				F33861A11B30781200F56C76 /* Login.storyboard */,
				F33861851B30757400F56C76 /* Main.storyboard */,
				F33861881B30757400F56C76 /* Images.xcassets */,
				F338618A1B30757400F56C76 /* LaunchScreen.xib */,
				F338617F1B30757400F56C76 /* Supporting Files */,
			);
			path = Review;
			sourceTree = "<group>";
		};
		F338617F1B30757400F56C76 /* Supporting Files */ = {
			isa = PBXGroup;
			children = (
				F33861801B30757400F56C76 /* Info.plist */,
			);
			name = "Supporting Files";
			sourceTree = "<group>";
		};
		F33861941B30757400F56C76 /* ReviewTests */ = {
			isa = PBXGroup;
			children = (
				F33861971B30757400F56C76 /* ReviewTests.swift */,
				F33861951B30757400F56C76 /* Supporting Files */,
			);
			path = ReviewTests;
			sourceTree = "<group>";
		};
		F33861951B30757400F56C76 /* Supporting Files */ = {
			isa = PBXGroup;
			children = (
				F33861961B30757400F56C76 /* Info.plist */,
			);
			name = "Supporting Files";
			sourceTree = "<group>";
		};
/* End PBXGroup section */

/* Begin PBXNativeTarget section */
		F338617B1B30757400F56C76 /* Review */ = {
			isa = PBXNativeTarget;
			buildConfigurationList = F338619B1B30757400F56C76 /* Build configuration list for PBXNativeTarget "Review" */;
			buildPhases = (
				F33861781B30757400F56C76 /* Sources */,
				F33861791B30757400F56C76 /* Frameworks */,
				F338617A1B30757400F56C76 /* Resources */,
			);
			buildRules = (
			);
			dependencies = (
			);
			name = Review;
			productName = Review;
			productReference = F338617C1B30757400F56C76 /* Review.app */;
			productType = "com.apple.product-type.application";
		};
		F33861901B30757400F56C76 /* ReviewTests */ = {
			isa = PBXNativeTarget;
			buildConfigurationList = F338619E1B30757400F56C76 /* Build configuration list for PBXNativeTarget "ReviewTests" */;
			buildPhases = (
				F338618D1B30757400F56C76 /* Sources */,
				F338618E1B30757400F56C76 /* Frameworks */,
				F338618F1B30757400F56C76 /* Resources */,
			);
			buildRules = (
			);
			dependencies = (
				F33861931B30757400F56C76 /* PBXTargetDependency */,
			);
			name = ReviewTests;
			productName = ReviewTests;
			productReference = F33861911B30757400F56C76 /* ReviewTests.xctest */;
			productType = "com.apple.product-type.bundle.unit-test";
		};
/* End PBXNativeTarget section */

/* Begin PBXProject section */
		F33861741B30757400F56C76 /* Project object */ = {
			isa = PBXProject;
			attributes = {
				LastUpgradeCheck = 0630;
				ORGANIZATIONNAME = "Aimee Bragg";
				TargetAttributes = {
					F338617B1B30757400F56C76 = {
						CreatedOnToolsVersion = 6.3.1;
					};
					F33861901B30757400F56C76 = {
						CreatedOnToolsVersion = 6.3.1;
						TestTargetID = F338617B1B30757400F56C76;
					};
				};
			};
			buildConfigurationList = F33861771B30757400F56C76 /* Build configuration list for PBXProject "Review" */;
			compatibilityVersion = "Xcode 3.2";
			developmentRegion = English;
			hasScannedForEncodings = 0;
			knownRegions = (
				en,
				Base,
			);
			mainGroup = F33861731B30757400F56C76;
			productRefGroup = F338617D1B30757400F56C76 /* Products */;
			projectDirPath = "";
			projectRoot = "";
			targets = (
				F338617B1B30757400F56C76 /* Review */,
				F33861901B30757400F56C76 /* ReviewTests */,
			);
		};
/* End PBXProject section */

/* Begin PBXResourcesBuildPhase section */
		F338617A1B30757400F56C76 /* Resources */ = {
			isa = PBXResourcesBuildPhase;
			buildActionMask = 2147483647;
			files = (
				F33861A21B30781200F56C76 /* Login.storyboard in Resources */,
				F33861871B30757400F56C76 /* Main.storyboard in Resources */,
				F338618C1B30757400F56C76 /* LaunchScreen.xib in Resources */,
				F33861891B30757400F56C76 /* Images.xcassets in Resources */,
			);
			runOnlyForDeploymentPostprocessing = 0;
		};
		F338618F1B30757400F56C76 /* Resources */ = {
			isa = PBXResourcesBuildPhase;
			buildActionMask = 2147483647;
			files = (
			);
			runOnlyForDeploymentPostprocessing = 0;
		};
/* End PBXResourcesBuildPhase section */

/* Begin PBXSourcesBuildPhase section */
		F33861781B30757400F56C76 /* Sources */ = {
			isa = PBXSourcesBuildPhase;
			buildActionMask = 2147483647;
			files = (
				F33861841B30757400F56C76 /* ViewController.swift in Sources */,
				F33861821B30757400F56C76 /* AppDelegate.swift in Sources */,
				F33861A41B307B8000F56C76 /* Random.swift in Sources */,
			);
			runOnlyForDeploymentPostprocessing = 0;
		};
		F338618D1B30757400F56C76 /* Sources */ = {
			isa = PBXSourcesBuildPhase;
			buildActionMask = 2147483647;
			files = (
				F33861981B30757400F56C76 /* ReviewTests.swift in Sources */,
			);
			runOnlyForDeploymentPostprocessing = 0;
		};
/* End PBXSourcesBuildPhase section */

/* Begin PBXTargetDependency section */
		F33861931B30757400F56C76 /* PBXTargetDependency */ = {
			isa = PBXTargetDependency;
			target = F338617B1B30757400F56C76 /* Review */;
			targetProxy = F33861921B30757400F56C76 /* PBXContainerItemProxy */;
		};
/* End PBXTargetDependency section */

/* Begin PBXVariantGroup section */
		F33861851B30757400F56C76 /* Main.storyboard */ = {
			isa = PBXVariantGroup;
			children = (
				F33861861B30757400F56C76 /* Base */,
			);
			name = Main.storyboard;
			sourceTree = "<group>";
		};
		F338618A1B30757400F56C76 /* LaunchScreen.xib */ = {
			isa = PBXVariantGroup;
			children = (
				F338618B1B30757400F56C76 /* Base */,
			);
			name = LaunchScreen.xib;
			sourceTree = "<group>";
		};
/* End PBXVariantGroup section */

/* Begin XCBuildConfiguration section */
		F33861991B30757400F56C76 /* Debug */ = {
			isa = XCBuildConfiguration;
			buildSettings = {
				ALWAYS_SEARCH_USER_PATHS = NO;
				CLANG_CXX_LANGUAGE_STANDARD = "gnu++0x";
				CLANG_CXX_LIBRARY = "libc++";
				CLANG_ENABLE_MODULES = YES;
				CLANG_ENABLE_OBJC_ARC = YES;
				CLANG_WARN_BOOL_CONVERSION = YES;
				CLANG_WARN_CONSTANT_CONVERSION = YES;
				CLANG_WARN_DIRECT_OBJC_ISA_USAGE = YES_ERROR;
				CLANG_WARN_EMPTY_BODY = YES;
				CLANG_WARN_ENUM_CONVERSION = YES;
				CLANG_WARN_INT_CONVERSION = YES;
				CLANG_WARN_OBJC_ROOT_CLASS = YES_ERROR;
				CLANG_WARN_UNREACHABLE_CODE = YES;
				CLANG_WARN__DUPLICATE_METHOD_MATCH = YES;
				"CODE_SIGN_IDENTITY[sdk=iphoneos*]" = "iPhone Developer";
				COPY_PHASE_STRIP = NO;
				DEBUG_INFORMATION_FORMAT = "dwarf-with-dsym";
				ENABLE_STRICT_OBJC_MSGSEND = YES;
				GCC_C_LANGUAGE_STANDARD = gnu99;
				GCC_DYNAMIC_NO_PIC = NO;
				GCC_NO_COMMON_BLOCKS = YES;
				GCC_OPTIMIZATION_LEVEL = 0;
				GCC_PREPROCESSOR_DEFINITIONS = (
					"DEBUG=1",
					"$(inherited)",
				);
				GCC_SYMBOLS_PRIVATE_EXTERN = NO;
				GCC_WARN_64_TO_32_BIT_CONVERSION = YES;
				GCC_WARN_ABOUT_RETURN_TYPE = YES_ERROR;
				GCC_WARN_UNDECLARED_SELECTOR = YES;
				GCC_WARN_UNINITIALIZED_AUTOS = YES_AGGRESSIVE;
				GCC_WARN_UNUSED_FUNCTION = YES;
				GCC_WARN_UNUSED_VARIABLE = YES;
				IPHONEOS_DEPLOYMENT_TARGET = 8.3;
				MTL_ENABLE_DEBUG_INFO = YES;
				ONLY_ACTIVE_ARCH = YES;
				SDKROOT = iphoneos;
				SWIFT_OPTIMIZATION_LEVEL = "-Onone";
			};
			name = Debug;
		};
		F338619A1B30757400F56C76 /* Release */ = {
			isa = XCBuildConfiguration;
			buildSettings = {
				ALWAYS_SEARCH_USER_PATHS = NO;
				CLANG_CXX_LANGUAGE_STANDARD = "gnu++0x";
				CLANG_CXX_LIBRARY = "libc++";
				CLANG_ENABLE_MODULES = YES;
				CLANG_ENABLE_OBJC_ARC = YES;
				CLANG_WARN_BOOL_CONVERSION = YES;
				CLANG_WARN_CONSTANT_CONVERSION = YES;
				CLANG_WARN_DIRECT_OBJC_ISA_USAGE = YES_ERROR;
				CLANG_WARN_EMPTY_BODY = YES;
				CLANG_WARN_ENUM_CONVERSION = YES;
				CLANG_WARN_INT_CONVERSION = YES;
				CLANG_WARN_OBJC_ROOT_CLASS = YES_ERROR;
				CLANG_WARN_UNREACHABLE_CODE = YES;
				CLANG_WARN__DUPLICATE_METHOD_MATCH = YES;
				"CODE_SIGN_IDENTITY[sdk=iphoneos*]" = "iPhone Developer";
				COPY_PHASE_STRIP = NO;
				DEBUG_INFORMATION_FORMAT = "dwarf-with-dsym";
				ENABLE_NS_ASSERTIONS = NO;
				ENABLE_STRICT_OBJC_MSGSEND = YES;
				GCC_C_LANGUAGE_STANDARD = gnu99;
				GCC_NO_COMMON_BLOCKS = YES;
				GCC_WARN_64_TO_32_BIT_CONVERSION = YES;
				GCC_WARN_ABOUT_RETURN_TYPE = YES_ERROR;
				GCC_WARN_UNDECLARED_SELECTOR = YES;
				GCC_WARN_UNINITIALIZED_AUTOS = YES_AGGRESSIVE;
				GCC_WARN_UNUSED_FUNCTION = YES;
				GCC_WARN_UNUSED_VARIABLE = YES;
				IPHONEOS_DEPLOYMENT_TARGET = 8.3;
				MTL_ENABLE_DEBUG_INFO = NO;
				SDKROOT = iphoneos;
				VALIDATE_PRODUCT = YES;
			};
			name = Release;
		};
		F338619C1B30757400F56C76 /* Debug */ = {
			isa = XCBuildConfiguration;
			buildSettings = {
				ASSETCATALOG_COMPILER_APPICON_NAME = AppIcon;
				INFOPLIST_FILE = Review/Info.plist;
				LD_RUNPATH_SEARCH_PATHS = "$(inherited) @executable_path/Frameworks";
				PRODUCT_NAME = "$(TARGET_NAME)";
			};
			name = Debug;
		};
		F338619D1B30757400F56C76 /* Release */ = {
			isa = XCBuildConfiguration;
			buildSettings = {
				ASSETCATALOG_COMPILER_APPICON_NAME = AppIcon;
				INFOPLIST_FILE = Review/Info.plist;
				LD_RUNPATH_SEARCH_PATHS = "$(inherited) @executable_path/Frameworks";
				PRODUCT_NAME = "$(TARGET_NAME)";
			};
			name = Release;
		};
		F338619F1B30757400F56C76 /* Debug */ = {
			isa = XCBuildConfiguration;
			buildSettings = {
				BUNDLE_LOADER = "$(TEST_HOST)";
				FRAMEWORK_SEARCH_PATHS = (
					"$(SDKROOT)/Developer/Library/Frameworks",
					"$(inherited)",
				);
				GCC_PREPROCESSOR_DEFINITIONS = (
					"DEBUG=1",
					"$(inherited)",
				);
				INFOPLIST_FILE = ReviewTests/Info.plist;
				LD_RUNPATH_SEARCH_PATHS = "$(inherited) @executable_path/Frameworks @loader_path/Frameworks";
				PRODUCT_NAME = "$(TARGET_NAME)";
				TEST_HOST = "$(BUILT_PRODUCTS_DIR)/Review.app/Review";
			};
			name = Debug;
		};
		F33861A01B30757400F56C76 /* Release */ = {
			isa = XCBuildConfiguration;
			buildSettings = {
				BUNDLE_LOADER = "$(TEST_HOST)";
				FRAMEWORK_SEARCH_PATHS = (
					"$(SDKROOT)/Developer/Library/Frameworks",
					"$(inherited)",
				);
				INFOPLIST_FILE = ReviewTests/Info.plist;
				LD_RUNPATH_SEARCH_PATHS = "$(inherited) @executable_path/Frameworks @loader_path/Frameworks";
				PRODUCT_NAME = "$(TARGET_NAME)";
				TEST_HOST = "$(BUILT_PRODUCTS_DIR)/Review.app/Review";
			};
			name = Release;
		};
/* End XCBuildConfiguration section */

/* Begin XCConfigurationList section */
		F33861771B30757400F56C76 /* Build configuration list for PBXProject "Review" */ = {
			isa = XCConfigurationList;
			buildConfigurations = (
				F33861991B30757400F56C76 /* Debug */,
				F338619A1B30757400F56C76 /* Release */,
			);
			defaultConfigurationIsVisible = 0;
			defaultConfigurationName = Release;
		};
		F338619B1B30757400F56C76 /* Build configuration list for PBXNativeTarget "Review" */ = {
			isa = XCConfigurationList;
			buildConfigurations = (
				F338619C1B30757400F56C76 /* Debug */,
				F338619D1B30757400F56C76 /* Release */,
			);
			defaultConfigurationIsVisible = 0;
		};
		F338619E1B30757400F56C76 /* Build configuration list for PBXNativeTarget "ReviewTests" */ = {
			isa = XCConfigurationList;
			buildConfigurations = (
				F338619F1B30757400F56C76 /* Debug */,
				F33861A01B30757400F56C76 /* Release */,
			);
			defaultConfigurationIsVisible = 0;
		};
/* End XCConfigurationList section */
	};
	rootObject = F33861741B30757400F56C76 /* Project object */;
}
