// !$*UTF8*$!
{
	archiveVersion = 1;
	classes = {
	};
	objectVersion = 46;
	objects = {

/* Begin PBXBuildFile section */
		F31CBF971AF7F3800056FFFC /* AppDelegate.swift in Sources */ = {isa = PBXBuildFile; fileRef = F31CBF961AF7F3800056FFFC /* AppDelegate.swift */; };
		F31CBF991AF7F3800056FFFC /* ViewController.swift in Sources */ = {isa = PBXBuildFile; fileRef = F31CBF981AF7F3800056FFFC /* ViewController.swift */; };
		F31CBF9C1AF7F3800056FFFC /* Main.storyboard in Resources */ = {isa = PBXBuildFile; fileRef = F31CBF9A1AF7F3800056FFFC /* Main.storyboard */; };
		F31CBF9E1AF7F3800056FFFC /* Images.xcassets in Resources */ = {isa = PBXBuildFile; fileRef = F31CBF9D1AF7F3800056FFFC /* Images.xcassets */; };
		F31CBFA11AF7F3800056FFFC /* LaunchScreen.xib in Resources */ = {isa = PBXBuildFile; fileRef = F31CBF9F1AF7F3800056FFFC /* LaunchScreen.xib */; };
		F31CBFAD1AF7F3800056FFFC /* SimpleButtonsTests.swift in Sources */ = {isa = PBXBuildFile; fileRef = F31CBFAC1AF7F3800056FFFC /* SimpleButtonsTests.swift */; };
/* End PBXBuildFile section */

/* Begin PBXContainerItemProxy section */
		F31CBFA71AF7F3800056FFFC /* PBXContainerItemProxy */ = {
			isa = PBXContainerItemProxy;
			containerPortal = F31CBF891AF7F3800056FFFC /* Project object */;
			proxyType = 1;
			remoteGlobalIDString = F31CBF901AF7F3800056FFFC;
			remoteInfo = SimpleButtons;
		};
/* End PBXContainerItemProxy section */

/* Begin PBXFileReference section */
		F31CBF911AF7F3800056FFFC /* SimpleButtons.app */ = {isa = PBXFileReference; explicitFileType = wrapper.application; includeInIndex = 0; path = SimpleButtons.app; sourceTree = BUILT_PRODUCTS_DIR; };
		F31CBF951AF7F3800056FFFC /* Info.plist */ = {isa = PBXFileReference; lastKnownFileType = text.plist.xml; path = Info.plist; sourceTree = "<group>"; };
		F31CBF961AF7F3800056FFFC /* AppDelegate.swift */ = {isa = PBXFileReference; lastKnownFileType = sourcecode.swift; path = AppDelegate.swift; sourceTree = "<group>"; };
		F31CBF981AF7F3800056FFFC /* ViewController.swift */ = {isa = PBXFileReference; lastKnownFileType = sourcecode.swift; path = ViewController.swift; sourceTree = "<group>"; };
		F31CBF9B1AF7F3800056FFFC /* Base */ = {isa = PBXFileReference; lastKnownFileType = file.storyboard; name = Base; path = Base.lproj/Main.storyboard; sourceTree = "<group>"; };
		F31CBF9D1AF7F3800056FFFC /* Images.xcassets */ = {isa = PBXFileReference; lastKnownFileType = folder.assetcatalog; path = Images.xcassets; sourceTree = "<group>"; };
		F31CBFA01AF7F3800056FFFC /* Base */ = {isa = PBXFileReference; lastKnownFileType = file.xib; name = Base; path = Base.lproj/LaunchScreen.xib; sourceTree = "<group>"; };
		F31CBFA61AF7F3800056FFFC /* SimpleButtonsTests.xctest */ = {isa = PBXFileReference; explicitFileType = wrapper.cfbundle; includeInIndex = 0; path = SimpleButtonsTests.xctest; sourceTree = BUILT_PRODUCTS_DIR; };
		F31CBFAB1AF7F3800056FFFC /* Info.plist */ = {isa = PBXFileReference; lastKnownFileType = text.plist.xml; path = Info.plist; sourceTree = "<group>"; };
		F31CBFAC1AF7F3800056FFFC /* SimpleButtonsTests.swift */ = {isa = PBXFileReference; lastKnownFileType = sourcecode.swift; path = SimpleButtonsTests.swift; sourceTree = "<group>"; };
/* End PBXFileReference section */

/* Begin PBXFrameworksBuildPhase section */
		F31CBF8E1AF7F3800056FFFC /* Frameworks */ = {
			isa = PBXFrameworksBuildPhase;
			buildActionMask = 2147483647;
			files = (
			);
			runOnlyForDeploymentPostprocessing = 0;
		};
		F31CBFA31AF7F3800056FFFC /* Frameworks */ = {
			isa = PBXFrameworksBuildPhase;
			buildActionMask = 2147483647;
			files = (
			);
			runOnlyForDeploymentPostprocessing = 0;
		};
/* End PBXFrameworksBuildPhase section */

/* Begin PBXGroup section */
		F31CBF881AF7F3800056FFFC = {
			isa = PBXGroup;
			children = (
				F31CBF931AF7F3800056FFFC /* SimpleButtons */,
				F31CBFA91AF7F3800056FFFC /* SimpleButtonsTests */,
				F31CBF921AF7F3800056FFFC /* Products */,
			);
			sourceTree = "<group>";
		};
		F31CBF921AF7F3800056FFFC /* Products */ = {
			isa = PBXGroup;
			children = (
				F31CBF911AF7F3800056FFFC /* SimpleButtons.app */,
				F31CBFA61AF7F3800056FFFC /* SimpleButtonsTests.xctest */,
			);
			name = Products;
			sourceTree = "<group>";
		};
		F31CBF931AF7F3800056FFFC /* SimpleButtons */ = {
			isa = PBXGroup;
			children = (
				F31CBF981AF7F3800056FFFC /* ViewController.swift */,
				F31CBF9A1AF7F3800056FFFC /* Main.storyboard */,
				F31CBF941AF7F3800056FFFC /* Supporting Files */,
			);
			path = SimpleButtons;
			sourceTree = "<group>";
		};
		F31CBF941AF7F3800056FFFC /* Supporting Files */ = {
			isa = PBXGroup;
			children = (
				F31CBF9F1AF7F3800056FFFC /* LaunchScreen.xib */,
				F31CBF9D1AF7F3800056FFFC /* Images.xcassets */,
				F31CBF961AF7F3800056FFFC /* AppDelegate.swift */,
				F31CBF951AF7F3800056FFFC /* Info.plist */,
			);
			name = "Supporting Files";
			sourceTree = "<group>";
		};
		F31CBFA91AF7F3800056FFFC /* SimpleButtonsTests */ = {
			isa = PBXGroup;
			children = (
				F31CBFAC1AF7F3800056FFFC /* SimpleButtonsTests.swift */,
				F31CBFAA1AF7F3800056FFFC /* Supporting Files */,
			);
			path = SimpleButtonsTests;
			sourceTree = "<group>";
		};
		F31CBFAA1AF7F3800056FFFC /* Supporting Files */ = {
			isa = PBXGroup;
			children = (
				F31CBFAB1AF7F3800056FFFC /* Info.plist */,
			);
			name = "Supporting Files";
			sourceTree = "<group>";
		};
/* End PBXGroup section */

/* Begin PBXNativeTarget section */
		F31CBF901AF7F3800056FFFC /* SimpleButtons */ = {
			isa = PBXNativeTarget;
			buildConfigurationList = F31CBFB01AF7F3800056FFFC /* Build configuration list for PBXNativeTarget "SimpleButtons" */;
			buildPhases = (
				F31CBF8D1AF7F3800056FFFC /* Sources */,
				F31CBF8E1AF7F3800056FFFC /* Frameworks */,
				F31CBF8F1AF7F3800056FFFC /* Resources */,
			);
			buildRules = (
			);
			dependencies = (
			);
			name = SimpleButtons;
			productName = SimpleButtons;
			productReference = F31CBF911AF7F3800056FFFC /* SimpleButtons.app */;
			productType = "com.apple.product-type.application";
		};
		F31CBFA51AF7F3800056FFFC /* SimpleButtonsTests */ = {
			isa = PBXNativeTarget;
			buildConfigurationList = F31CBFB31AF7F3800056FFFC /* Build configuration list for PBXNativeTarget "SimpleButtonsTests" */;
			buildPhases = (
				F31CBFA21AF7F3800056FFFC /* Sources */,
				F31CBFA31AF7F3800056FFFC /* Frameworks */,
				F31CBFA41AF7F3800056FFFC /* Resources */,
			);
			buildRules = (
			);
			dependencies = (
				F31CBFA81AF7F3800056FFFC /* PBXTargetDependency */,
			);
			name = SimpleButtonsTests;
			productName = SimpleButtonsTests;
			productReference = F31CBFA61AF7F3800056FFFC /* SimpleButtonsTests.xctest */;
			productType = "com.apple.product-type.bundle.unit-test";
		};
/* End PBXNativeTarget section */

/* Begin PBXProject section */
		F31CBF891AF7F3800056FFFC /* Project object */ = {
			isa = PBXProject;
			attributes = {
				LastUpgradeCheck = 0630;
				ORGANIZATIONNAME = "Aimee Bragg";
				TargetAttributes = {
					F31CBF901AF7F3800056FFFC = {
						CreatedOnToolsVersion = 6.3.1;
					};
					F31CBFA51AF7F3800056FFFC = {
						CreatedOnToolsVersion = 6.3.1;
						TestTargetID = F31CBF901AF7F3800056FFFC;
					};
				};
			};
			buildConfigurationList = F31CBF8C1AF7F3800056FFFC /* Build configuration list for PBXProject "SimpleButtons" */;
			compatibilityVersion = "Xcode 3.2";
			developmentRegion = English;
			hasScannedForEncodings = 0;
			knownRegions = (
				en,
				Base,
			);
			mainGroup = F31CBF881AF7F3800056FFFC;
			productRefGroup = F31CBF921AF7F3800056FFFC /* Products */;
			projectDirPath = "";
			projectRoot = "";
			targets = (
				F31CBF901AF7F3800056FFFC /* SimpleButtons */,
				F31CBFA51AF7F3800056FFFC /* SimpleButtonsTests */,
			);
		};
/* End PBXProject section */

/* Begin PBXResourcesBuildPhase section */
		F31CBF8F1AF7F3800056FFFC /* Resources */ = {
			isa = PBXResourcesBuildPhase;
			buildActionMask = 2147483647;
			files = (
				F31CBF9C1AF7F3800056FFFC /* Main.storyboard in Resources */,
				F31CBFA11AF7F3800056FFFC /* LaunchScreen.xib in Resources */,
				F31CBF9E1AF7F3800056FFFC /* Images.xcassets in Resources */,
			);
			runOnlyForDeploymentPostprocessing = 0;
		};
		F31CBFA41AF7F3800056FFFC /* Resources */ = {
			isa = PBXResourcesBuildPhase;
			buildActionMask = 2147483647;
			files = (
			);
			runOnlyForDeploymentPostprocessing = 0;
		};
/* End PBXResourcesBuildPhase section */

/* Begin PBXSourcesBuildPhase section */
		F31CBF8D1AF7F3800056FFFC /* Sources */ = {
			isa = PBXSourcesBuildPhase;
			buildActionMask = 2147483647;
			files = (
				F31CBF991AF7F3800056FFFC /* ViewController.swift in Sources */,
				F31CBF971AF7F3800056FFFC /* AppDelegate.swift in Sources */,
			);
			runOnlyForDeploymentPostprocessing = 0;
		};
		F31CBFA21AF7F3800056FFFC /* Sources */ = {
			isa = PBXSourcesBuildPhase;
			buildActionMask = 2147483647;
			files = (
				F31CBFAD1AF7F3800056FFFC /* SimpleButtonsTests.swift in Sources */,
			);
			runOnlyForDeploymentPostprocessing = 0;
		};
/* End PBXSourcesBuildPhase section */

/* Begin PBXTargetDependency section */
		F31CBFA81AF7F3800056FFFC /* PBXTargetDependency */ = {
			isa = PBXTargetDependency;
			target = F31CBF901AF7F3800056FFFC /* SimpleButtons */;
			targetProxy = F31CBFA71AF7F3800056FFFC /* PBXContainerItemProxy */;
		};
/* End PBXTargetDependency section */

/* Begin PBXVariantGroup section */
		F31CBF9A1AF7F3800056FFFC /* Main.storyboard */ = {
			isa = PBXVariantGroup;
			children = (
				F31CBF9B1AF7F3800056FFFC /* Base */,
			);
			name = Main.storyboard;
			sourceTree = "<group>";
		};
		F31CBF9F1AF7F3800056FFFC /* LaunchScreen.xib */ = {
			isa = PBXVariantGroup;
			children = (
				F31CBFA01AF7F3800056FFFC /* Base */,
			);
			name = LaunchScreen.xib;
			sourceTree = "<group>";
		};
/* End PBXVariantGroup section */

/* Begin XCBuildConfiguration section */
		F31CBFAE1AF7F3800056FFFC /* Debug */ = {
			isa = XCBuildConfiguration;
			buildSettings = {
				ALWAYS_SEARCH_USER_PATHS = NO;
				CLANG_CXX_LANGUAGE_STANDARD = "gnu++0x";
				CLANG_CXX_LIBRARY = "libc++";
				CLANG_ENABLE_MODULES = YES;
				CLANG_ENABLE_OBJC_ARC = YES;
				CLANG_WARN_BOOL_CONVERSION = YES;
				CLANG_WARN_CONSTANT_CONVERSION = YES;
				CLANG_WARN_DIRECT_OBJC_ISA_USAGE = YES_ERROR;
				CLANG_WARN_EMPTY_BODY = YES;
				CLANG_WARN_ENUM_CONVERSION = YES;
				CLANG_WARN_INT_CONVERSION = YES;
				CLANG_WARN_OBJC_ROOT_CLASS = YES_ERROR;
				CLANG_WARN_UNREACHABLE_CODE = YES;
				CLANG_WARN__DUPLICATE_METHOD_MATCH = YES;
				"CODE_SIGN_IDENTITY[sdk=iphoneos*]" = "iPhone Developer";
				COPY_PHASE_STRIP = NO;
				DEBUG_INFORMATION_FORMAT = "dwarf-with-dsym";
				ENABLE_STRICT_OBJC_MSGSEND = YES;
				GCC_C_LANGUAGE_STANDARD = gnu99;
				GCC_DYNAMIC_NO_PIC = NO;
				GCC_NO_COMMON_BLOCKS = YES;
				GCC_OPTIMIZATION_LEVEL = 0;
				GCC_PREPROCESSOR_DEFINITIONS = (
					"DEBUG=1",
					"$(inherited)",
				);
				GCC_SYMBOLS_PRIVATE_EXTERN = NO;
				GCC_WARN_64_TO_32_BIT_CONVERSION = YES;
				GCC_WARN_ABOUT_RETURN_TYPE = YES_ERROR;
				GCC_WARN_UNDECLARED_SELECTOR = YES;
				GCC_WARN_UNINITIALIZED_AUTOS = YES_AGGRESSIVE;
				GCC_WARN_UNUSED_FUNCTION = YES;
				GCC_WARN_UNUSED_VARIABLE = YES;
				IPHONEOS_DEPLOYMENT_TARGET = 8.3;
				MTL_ENABLE_DEBUG_INFO = YES;
				ONLY_ACTIVE_ARCH = YES;
				SDKROOT = iphoneos;
				SWIFT_OPTIMIZATION_LEVEL = "-Onone";
			};
			name = Debug;
		};
		F31CBFAF1AF7F3800056FFFC /* Release */ = {
			isa = XCBuildConfiguration;
			buildSettings = {
				ALWAYS_SEARCH_USER_PATHS = NO;
				CLANG_CXX_LANGUAGE_STANDARD = "gnu++0x";
				CLANG_CXX_LIBRARY = "libc++";
				CLANG_ENABLE_MODULES = YES;
				CLANG_ENABLE_OBJC_ARC = YES;
				CLANG_WARN_BOOL_CONVERSION = YES;
				CLANG_WARN_CONSTANT_CONVERSION = YES;
				CLANG_WARN_DIRECT_OBJC_ISA_USAGE = YES_ERROR;
				CLANG_WARN_EMPTY_BODY = YES;
				CLANG_WARN_ENUM_CONVERSION = YES;
				CLANG_WARN_INT_CONVERSION = YES;
				CLANG_WARN_OBJC_ROOT_CLASS = YES_ERROR;
				CLANG_WARN_UNREACHABLE_CODE = YES;
				CLANG_WARN__DUPLICATE_METHOD_MATCH = YES;
				"CODE_SIGN_IDENTITY[sdk=iphoneos*]" = "iPhone Developer";
				COPY_PHASE_STRIP = NO;
				DEBUG_INFORMATION_FORMAT = "dwarf-with-dsym";
				ENABLE_NS_ASSERTIONS = NO;
				ENABLE_STRICT_OBJC_MSGSEND = YES;
				GCC_C_LANGUAGE_STANDARD = gnu99;
				GCC_NO_COMMON_BLOCKS = YES;
				GCC_WARN_64_TO_32_BIT_CONVERSION = YES;
				GCC_WARN_ABOUT_RETURN_TYPE = YES_ERROR;
				GCC_WARN_UNDECLARED_SELECTOR = YES;
				GCC_WARN_UNINITIALIZED_AUTOS = YES_AGGRESSIVE;
				GCC_WARN_UNUSED_FUNCTION = YES;
				GCC_WARN_UNUSED_VARIABLE = YES;
				IPHONEOS_DEPLOYMENT_TARGET = 8.3;
				MTL_ENABLE_DEBUG_INFO = NO;
				SDKROOT = iphoneos;
				VALIDATE_PRODUCT = YES;
			};
			name = Release;
		};
		F31CBFB11AF7F3800056FFFC /* Debug */ = {
			isa = XCBuildConfiguration;
			buildSettings = {
				ASSETCATALOG_COMPILER_APPICON_NAME = AppIcon;
				INFOPLIST_FILE = SimpleButtons/Info.plist;
				LD_RUNPATH_SEARCH_PATHS = "$(inherited) @executable_path/Frameworks";
				PRODUCT_NAME = "$(TARGET_NAME)";
			};
			name = Debug;
		};
		F31CBFB21AF7F3800056FFFC /* Release */ = {
			isa = XCBuildConfiguration;
			buildSettings = {
				ASSETCATALOG_COMPILER_APPICON_NAME = AppIcon;
				INFOPLIST_FILE = SimpleButtons/Info.plist;
				LD_RUNPATH_SEARCH_PATHS = "$(inherited) @executable_path/Frameworks";
				PRODUCT_NAME = "$(TARGET_NAME)";
			};
			name = Release;
		};
		F31CBFB41AF7F3800056FFFC /* Debug */ = {
			isa = XCBuildConfiguration;
			buildSettings = {
				BUNDLE_LOADER = "$(TEST_HOST)";
				FRAMEWORK_SEARCH_PATHS = (
					"$(SDKROOT)/Developer/Library/Frameworks",
					"$(inherited)",
				);
				GCC_PREPROCESSOR_DEFINITIONS = (
					"DEBUG=1",
					"$(inherited)",
				);
				INFOPLIST_FILE = SimpleButtonsTests/Info.plist;
				LD_RUNPATH_SEARCH_PATHS = "$(inherited) @executable_path/Frameworks @loader_path/Frameworks";
				PRODUCT_NAME = "$(TARGET_NAME)";
				TEST_HOST = "$(BUILT_PRODUCTS_DIR)/SimpleButtons.app/SimpleButtons";
			};
			name = Debug;
		};
		F31CBFB51AF7F3800056FFFC /* Release */ = {
			isa = XCBuildConfiguration;
			buildSettings = {
				BUNDLE_LOADER = "$(TEST_HOST)";
				FRAMEWORK_SEARCH_PATHS = (
					"$(SDKROOT)/Developer/Library/Frameworks",
					"$(inherited)",
				);
				INFOPLIST_FILE = SimpleButtonsTests/Info.plist;
				LD_RUNPATH_SEARCH_PATHS = "$(inherited) @executable_path/Frameworks @loader_path/Frameworks";
				PRODUCT_NAME = "$(TARGET_NAME)";
				TEST_HOST = "$(BUILT_PRODUCTS_DIR)/SimpleButtons.app/SimpleButtons";
			};
			name = Release;
		};
/* End XCBuildConfiguration section */

/* Begin XCConfigurationList section */
		F31CBF8C1AF7F3800056FFFC /* Build configuration list for PBXProject "SimpleButtons" */ = {
			isa = XCConfigurationList;
			buildConfigurations = (
				F31CBFAE1AF7F3800056FFFC /* Debug */,
				F31CBFAF1AF7F3800056FFFC /* Release */,
			);
			defaultConfigurationIsVisible = 0;
			defaultConfigurationName = Release;
		};
		F31CBFB01AF7F3800056FFFC /* Build configuration list for PBXNativeTarget "SimpleButtons" */ = {
			isa = XCConfigurationList;
			buildConfigurations = (
				F31CBFB11AF7F3800056FFFC /* Debug */,
				F31CBFB21AF7F3800056FFFC /* Release */,
			);
			defaultConfigurationIsVisible = 0;
			defaultConfigurationName = Release;
		};
		F31CBFB31AF7F3800056FFFC /* Build configuration list for PBXNativeTarget "SimpleButtonsTests" */ = {
			isa = XCConfigurationList;
			buildConfigurations = (
				F31CBFB41AF7F3800056FFFC /* Debug */,
				F31CBFB51AF7F3800056FFFC /* Release */,
			);
			defaultConfigurationIsVisible = 0;
			defaultConfigurationName = Release;
		};
/* End XCConfigurationList section */
	};
	rootObject = F31CBF891AF7F3800056FFFC /* Project object */;
}
